// !$*UTF8*$!
{
	archiveVersion = 1;
	classes = {
	};
	objectVersion = 46;
	objects = {

/* Begin PBXAggregateTarget section */
		24416B8111C4CA220047AFDD /* Build & Test */ = {
			isa = PBXAggregateTarget;
			buildConfigurationList = 24416B8A11C4CA520047AFDD /* Build configuration list for PBXAggregateTarget "Build & Test" */;
			buildPhases = (
				24416B8011C4CA220047AFDD /* ShellScript */,
			);
			dependencies = (
				24416B8511C4CA280047AFDD /* PBXTargetDependency */,
			);
			name = "Build & Test";
			productName = "Build & test";
		};
/* End PBXAggregateTarget section */

/* Begin PBXBuildFile section */
		24DD6CF91134B3F500162E58 /* TiNotificareModule.h in Headers */ = {isa = PBXBuildFile; fileRef = 24DD6CF71134B3F500162E58 /* TiNotificareModule.h */; };
		24DD6CFA1134B3F500162E58 /* TiNotificareModule.m in Sources */ = {isa = PBXBuildFile; fileRef = 24DD6CF81134B3F500162E58 /* TiNotificareModule.m */; };
		24DE9E1111C5FE74003F90F6 /* TiNotificareModuleAssets.h in Headers */ = {isa = PBXBuildFile; fileRef = 24DE9E0F11C5FE74003F90F6 /* TiNotificareModuleAssets.h */; };
		24DE9E1211C5FE74003F90F6 /* TiNotificareModuleAssets.m in Sources */ = {isa = PBXBuildFile; fileRef = 24DE9E1011C5FE74003F90F6 /* TiNotificareModuleAssets.m */; };
		40AFA3C31B7A98B800ACDFEE /* libNotificarePushLib.a in Frameworks */ = {isa = PBXBuildFile; fileRef = 40AFA3511B7A98B800ACDFEE /* libNotificarePushLib.a */; };
		40AFA3C41B7A98B800ACDFEE /* ActionDelegate.h in Headers */ = {isa = PBXBuildFile; fileRef = 40AFA3551B7A98B800ACDFEE /* ActionDelegate.h */; };
		40AFA3C51B7A98B800ACDFEE /* ActionType.h in Headers */ = {isa = PBXBuildFile; fileRef = 40AFA3561B7A98B800ACDFEE /* ActionType.h */; };
		40AFA3C61B7A98B800ACDFEE /* NotificareApp.h in Headers */ = {isa = PBXBuildFile; fileRef = 40AFA3581B7A98B800ACDFEE /* NotificareApp.h */; };
		40AFA3C71B7A98B800ACDFEE /* NotificareBrowser.h in Headers */ = {isa = PBXBuildFile; fileRef = 40AFA35A1B7A98B800ACDFEE /* NotificareBrowser.h */; };
		40AFA3C81B7A98B800ACDFEE /* NotificareCallback.h in Headers */ = {isa = PBXBuildFile; fileRef = 40AFA35C1B7A98B800ACDFEE /* NotificareCallback.h */; };
		40AFA3C91B7A98B800ACDFEE /* NotificareCustom.h in Headers */ = {isa = PBXBuildFile; fileRef = 40AFA35E1B7A98B800ACDFEE /* NotificareCustom.h */; };
		40AFA3CA1B7A98B800ACDFEE /* NotificareMail.h in Headers */ = {isa = PBXBuildFile; fileRef = 40AFA3601B7A98B800ACDFEE /* NotificareMail.h */; };
		40AFA3CB1B7A98B800ACDFEE /* NotificareSMS.h in Headers */ = {isa = PBXBuildFile; fileRef = 40AFA3621B7A98B800ACDFEE /* NotificareSMS.h */; };
		40AFA3CC1B7A98B800ACDFEE /* NotificareTelephone.h in Headers */ = {isa = PBXBuildFile; fileRef = 40AFA3641B7A98B800ACDFEE /* NotificareTelephone.h */; };
		40AFA3CD1B7A98B800ACDFEE /* NSData+NotificareMKBase64.h in Headers */ = {isa = PBXBuildFile; fileRef = 40AFA3681B7A98B800ACDFEE /* NSData+NotificareMKBase64.h */; };
		40AFA3CE1B7A98B800ACDFEE /* NSDate+NotificareRFC1123.h in Headers */ = {isa = PBXBuildFile; fileRef = 40AFA3691B7A98B800ACDFEE /* NSDate+NotificareRFC1123.h */; };
		40AFA3CF1B7A98B800ACDFEE /* NSDictionary+NotificareRequestEncoding.h in Headers */ = {isa = PBXBuildFile; fileRef = 40AFA36A1B7A98B800ACDFEE /* NSDictionary+NotificareRequestEncoding.h */; };
		40AFA3D01B7A98B800ACDFEE /* NSString+NotificareMKNetworkKitAdditions.h in Headers */ = {isa = PBXBuildFile; fileRef = 40AFA36B1B7A98B800ACDFEE /* NSString+NotificareMKNetworkKitAdditions.h */; };
		40AFA3D11B7A98B800ACDFEE /* UIAlertView+NotificareMKNetworkKitAdditions.h in Headers */ = {isa = PBXBuildFile; fileRef = 40AFA36C1B7A98B800ACDFEE /* UIAlertView+NotificareMKNetworkKitAdditions.h */; };
		40AFA3D21B7A98B800ACDFEE /* UIImageView+NotificareMKNetworkKitAdditions.h in Headers */ = {isa = PBXBuildFile; fileRef = 40AFA36D1B7A98B800ACDFEE /* UIImageView+NotificareMKNetworkKitAdditions.h */; };
		40AFA3D31B7A98B800ACDFEE /* NotificareMKNetworkEngine.h in Headers */ = {isa = PBXBuildFile; fileRef = 40AFA36E1B7A98B800ACDFEE /* NotificareMKNetworkEngine.h */; };
		40AFA3D41B7A98B800ACDFEE /* NotificareMKNetworkKit.h in Headers */ = {isa = PBXBuildFile; fileRef = 40AFA36F1B7A98B800ACDFEE /* NotificareMKNetworkKit.h */; };
		40AFA3D51B7A98B800ACDFEE /* NotificareMKNetworkOperation.h in Headers */ = {isa = PBXBuildFile; fileRef = 40AFA3701B7A98B800ACDFEE /* NotificareMKNetworkOperation.h */; };
		40AFA3D61B7A98B800ACDFEE /* NotificareReachability.h in Headers */ = {isa = PBXBuildFile; fileRef = 40AFA3721B7A98B800ACDFEE /* NotificareReachability.h */; };
		40AFA3D71B7A98B800ACDFEE /* NotificareNXOAuth2.h in Headers */ = {isa = PBXBuildFile; fileRef = 40AFA3741B7A98B800ACDFEE /* NotificareNXOAuth2.h */; };
		40AFA3D81B7A98B800ACDFEE /* NotificareNXOAuth2AccessToken.h in Headers */ = {isa = PBXBuildFile; fileRef = 40AFA3751B7A98B800ACDFEE /* NotificareNXOAuth2AccessToken.h */; };
		40AFA3D91B7A98B800ACDFEE /* NotificareNXOAuth2Account+Private.h in Headers */ = {isa = PBXBuildFile; fileRef = 40AFA3761B7A98B800ACDFEE /* NotificareNXOAuth2Account+Private.h */; };
		40AFA3DA1B7A98B800ACDFEE /* NotificareNXOAuth2Account.h in Headers */ = {isa = PBXBuildFile; fileRef = 40AFA3771B7A98B800ACDFEE /* NotificareNXOAuth2Account.h */; };
		40AFA3DB1B7A98B800ACDFEE /* NotificareNXOAuth2AccountStore.h in Headers */ = {isa = PBXBuildFile; fileRef = 40AFA3781B7A98B800ACDFEE /* NotificareNXOAuth2AccountStore.h */; };
		40AFA3DC1B7A98B800ACDFEE /* NotificareNXOAuth2Client.h in Headers */ = {isa = PBXBuildFile; fileRef = 40AFA3791B7A98B800ACDFEE /* NotificareNXOAuth2Client.h */; };
		40AFA3DD1B7A98B800ACDFEE /* NotificareNXOAuth2ClientDelegate.h in Headers */ = {isa = PBXBuildFile; fileRef = 40AFA37A1B7A98B800ACDFEE /* NotificareNXOAuth2ClientDelegate.h */; };
		40AFA3DE1B7A98B800ACDFEE /* NotificareNXOAuth2Connection.h in Headers */ = {isa = PBXBuildFile; fileRef = 40AFA37B1B7A98B800ACDFEE /* NotificareNXOAuth2Connection.h */; };
		40AFA3DF1B7A98B800ACDFEE /* NotificareNXOAuth2ConnectionDelegate.h in Headers */ = {isa = PBXBuildFile; fileRef = 40AFA37C1B7A98B800ACDFEE /* NotificareNXOAuth2ConnectionDelegate.h */; };
		40AFA3E01B7A98B800ACDFEE /* NotificareNXOAuth2Constants.h in Headers */ = {isa = PBXBuildFile; fileRef = 40AFA37D1B7A98B800ACDFEE /* NotificareNXOAuth2Constants.h */; };
		40AFA3E11B7A98B800ACDFEE /* NotificareNXOAuth2FileStreamWrapper.h in Headers */ = {isa = PBXBuildFile; fileRef = 40AFA37E1B7A98B800ACDFEE /* NotificareNXOAuth2FileStreamWrapper.h */; };
		40AFA3E21B7A98B800ACDFEE /* NotificareNXOAuth2PostBodyPart.h in Headers */ = {isa = PBXBuildFile; fileRef = 40AFA37F1B7A98B800ACDFEE /* NotificareNXOAuth2PostBodyPart.h */; };
		40AFA3E31B7A98B800ACDFEE /* NotificareNXOAuth2PostBodyStream.h in Headers */ = {isa = PBXBuildFile; fileRef = 40AFA3801B7A98B800ACDFEE /* NotificareNXOAuth2PostBodyStream.h */; };
		40AFA3E41B7A98B800ACDFEE /* NotificareNXOAuth2Request.h in Headers */ = {isa = PBXBuildFile; fileRef = 40AFA3811B7A98B800ACDFEE /* NotificareNXOAuth2Request.h */; };
		40AFA3E51B7A98B800ACDFEE /* NotificareNXOAuth2TrustDelegate.h in Headers */ = {isa = PBXBuildFile; fileRef = 40AFA3821B7A98B800ACDFEE /* NotificareNXOAuth2TrustDelegate.h */; };
		40AFA3E61B7A98B800ACDFEE /* NSData+NotificareNXOAuth2.h in Headers */ = {isa = PBXBuildFile; fileRef = 40AFA3831B7A98B800ACDFEE /* NSData+NotificareNXOAuth2.h */; };
		40AFA3E71B7A98B800ACDFEE /* NSString+NotificareNXOAuth2.h in Headers */ = {isa = PBXBuildFile; fileRef = 40AFA3841B7A98B800ACDFEE /* NSString+NotificareNXOAuth2.h */; };
		40AFA3E81B7A98B800ACDFEE /* NSURL+NotificareNXOAuth2.h in Headers */ = {isa = PBXBuildFile; fileRef = 40AFA3851B7A98B800ACDFEE /* NSURL+NotificareNXOAuth2.h */; };
		40AFA3E91B7A98B800ACDFEE /* base64.h in Headers */ = {isa = PBXBuildFile; fileRef = 40AFA3871B7A98B800ACDFEE /* base64.h */; };
		40AFA3EA1B7A98B800ACDFEE /* NotificareSocketRocket-Prefix.pch in Headers */ = {isa = PBXBuildFile; fileRef = 40AFA3881B7A98B800ACDFEE /* NotificareSocketRocket-Prefix.pch */; };
		40AFA3EB1B7A98B800ACDFEE /* NotificareSRWebSocket.h in Headers */ = {isa = PBXBuildFile; fileRef = 40AFA3891B7A98B800ACDFEE /* NotificareSRWebSocket.h */; };
		40AFA3EC1B7A98B800ACDFEE /* NSData+NotificareSRB64Additions.h in Headers */ = {isa = PBXBuildFile; fileRef = 40AFA38A1B7A98B800ACDFEE /* NSData+NotificareSRB64Additions.h */; };
		40AFA3ED1B7A98B800ACDFEE /* NotificareAction.h in Headers */ = {isa = PBXBuildFile; fileRef = 40AFA38C1B7A98B800ACDFEE /* NotificareAction.h */; };
		40AFA3EE1B7A98B800ACDFEE /* NotificareAttachment.h in Headers */ = {isa = PBXBuildFile; fileRef = 40AFA38D1B7A98B800ACDFEE /* NotificareAttachment.h */; };
		40AFA3EF1B7A98B800ACDFEE /* NotificareBeacon.h in Headers */ = {isa = PBXBuildFile; fileRef = 40AFA38E1B7A98B800ACDFEE /* NotificareBeacon.h */; };
		40AFA3F01B7A98B800ACDFEE /* NotificareContent.h in Headers */ = {isa = PBXBuildFile; fileRef = 40AFA38F1B7A98B800ACDFEE /* NotificareContent.h */; };
		40AFA3F11B7A98B800ACDFEE /* NotificareDevice.h in Headers */ = {isa = PBXBuildFile; fileRef = 40AFA3901B7A98B800ACDFEE /* NotificareDevice.h */; };
		40AFA3F21B7A98B800ACDFEE /* NotificareNotification.h in Headers */ = {isa = PBXBuildFile; fileRef = 40AFA3911B7A98B800ACDFEE /* NotificareNotification.h */; };
		40AFA3F31B7A98B800ACDFEE /* NotificareProduct.h in Headers */ = {isa = PBXBuildFile; fileRef = 40AFA3921B7A98B800ACDFEE /* NotificareProduct.h */; };
		40AFA3F41B7A98B800ACDFEE /* NotificareSegment.h in Headers */ = {isa = PBXBuildFile; fileRef = 40AFA3931B7A98B800ACDFEE /* NotificareSegment.h */; };
		40AFA3F51B7A98B800ACDFEE /* NotificareUser.h in Headers */ = {isa = PBXBuildFile; fileRef = 40AFA3941B7A98B800ACDFEE /* NotificareUser.h */; };
		40AFA3F61B7A98B800ACDFEE /* NotificareUserPreference.h in Headers */ = {isa = PBXBuildFile; fileRef = 40AFA3951B7A98B800ACDFEE /* NotificareUserPreference.h */; };
		40AFA3F71B7A98B800ACDFEE /* Notificare.h in Headers */ = {isa = PBXBuildFile; fileRef = 40AFA3961B7A98B800ACDFEE /* Notificare.h */; };
		40AFA3F81B7A98B800ACDFEE /* NotificareActions.h in Headers */ = {isa = PBXBuildFile; fileRef = 40AFA3971B7A98B800ACDFEE /* NotificareActions.h */; };
		40AFA3F91B7A98B800ACDFEE /* NotificareEngine.h in Headers */ = {isa = PBXBuildFile; fileRef = 40AFA3981B7A98B800ACDFEE /* NotificareEngine.h */; };
		40AFA3FA1B7A98B800ACDFEE /* NotificarePushLib.h in Headers */ = {isa = PBXBuildFile; fileRef = 40AFA3991B7A98B800ACDFEE /* NotificarePushLib.h */; };
		40AFA3FB1B7A98B800ACDFEE /* NSData+Hex.h in Headers */ = {isa = PBXBuildFile; fileRef = 40AFA39B1B7A98B800ACDFEE /* NSData+Hex.h */; };
		40AFA3FC1B7A98B800ACDFEE /* NSDate+TimeAgo.h in Headers */ = {isa = PBXBuildFile; fileRef = 40AFA39C1B7A98B800ACDFEE /* NSDate+TimeAgo.h */; };
		40AFA3FD1B7A98B800ACDFEE /* NSDictionary+FromPlist.h in Headers */ = {isa = PBXBuildFile; fileRef = 40AFA39D1B7A98B800ACDFEE /* NSDictionary+FromPlist.h */; };
		40AFA3FE1B7A98B800ACDFEE /* NSString+FromBundle.h in Headers */ = {isa = PBXBuildFile; fileRef = 40AFA39E1B7A98B800ACDFEE /* NSString+FromBundle.h */; };
		40AFA3FF1B7A98B800ACDFEE /* NSString+Utils.h in Headers */ = {isa = PBXBuildFile; fileRef = 40AFA39F1B7A98B800ACDFEE /* NSString+Utils.h */; };
		40AFA4001B7A98B800ACDFEE /* SKProduct+priceAsString.h in Headers */ = {isa = PBXBuildFile; fileRef = 40AFA3A01B7A98B800ACDFEE /* SKProduct+priceAsString.h */; };
		40AFA4011B7A98B800ACDFEE /* UIImage+FromBundle.h in Headers */ = {isa = PBXBuildFile; fileRef = 40AFA3A11B7A98B800ACDFEE /* UIImage+FromBundle.h */; };
		40AFA4021B7A98B800ACDFEE /* NotificareAlert.h in Headers */ = {isa = PBXBuildFile; fileRef = 40AFA3A41B7A98B800ACDFEE /* NotificareAlert.h */; };
		40AFA4031B7A98B800ACDFEE /* NotificareBeacons.h in Headers */ = {isa = PBXBuildFile; fileRef = 40AFA3A61B7A98B800ACDFEE /* NotificareBeacons.h */; };
		40AFA4041B7A98B800ACDFEE /* NotificareForm.h in Headers */ = {isa = PBXBuildFile; fileRef = 40AFA3A81B7A98B800ACDFEE /* NotificareForm.h */; };
		40AFA4051B7A98B800ACDFEE /* NotificareImage.h in Headers */ = {isa = PBXBuildFile; fileRef = 40AFA3AA1B7A98B800ACDFEE /* NotificareImage.h */; };
		40AFA4061B7A98B800ACDFEE /* NotificareInbox.h in Headers */ = {isa = PBXBuildFile; fileRef = 40AFA3AC1B7A98B800ACDFEE /* NotificareInbox.h */; };
		40AFA4071B7A98B800ACDFEE /* NotificareLocation.h in Headers */ = {isa = PBXBuildFile; fileRef = 40AFA3AE1B7A98B800ACDFEE /* NotificareLocation.h */; };
		40AFA4081B7A98B800ACDFEE /* NotificareMap.h in Headers */ = {isa = PBXBuildFile; fileRef = 40AFA3AF1B7A98B800ACDFEE /* NotificareMap.h */; };
		40AFA4091B7A98B800ACDFEE /* NotificationDelegate.h in Headers */ = {isa = PBXBuildFile; fileRef = 40AFA3B01B7A98B800ACDFEE /* NotificationDelegate.h */; };
		40AFA40A1B7A98B800ACDFEE /* NotificationType.h in Headers */ = {isa = PBXBuildFile; fileRef = 40AFA3B11B7A98B800ACDFEE /* NotificationType.h */; };
		40AFA40B1B7A98B800ACDFEE /* NotificarePassbook.h in Headers */ = {isa = PBXBuildFile; fileRef = 40AFA3B31B7A98B800ACDFEE /* NotificarePassbook.h */; };
		40AFA40C1B7A98B800ACDFEE /* NotificareRate.h in Headers */ = {isa = PBXBuildFile; fileRef = 40AFA3B51B7A98B800ACDFEE /* NotificareRate.h */; };
		40AFA40D1B7A98B800ACDFEE /* NotificareURL.h in Headers */ = {isa = PBXBuildFile; fileRef = 40AFA3B71B7A98B800ACDFEE /* NotificareURL.h */; };
		40AFA40E1B7A98B800ACDFEE /* NotificareBeaconsViewController.h in Headers */ = {isa = PBXBuildFile; fileRef = 40AFA3B91B7A98B800ACDFEE /* NotificareBeaconsViewController.h */; };
		40AFA40F1B7A98B800ACDFEE /* NotificareDeviceViewController.h in Headers */ = {isa = PBXBuildFile; fileRef = 40AFA3BA1B7A98B800ACDFEE /* NotificareDeviceViewController.h */; };
		40AFA4101B7A98B800ACDFEE /* NotificareInboxViewController.h in Headers */ = {isa = PBXBuildFile; fileRef = 40AFA3BB1B7A98B800ACDFEE /* NotificareInboxViewController.h */; };
		40AFA4111B7A98B800ACDFEE /* NotificarePassbookViewController.h in Headers */ = {isa = PBXBuildFile; fileRef = 40AFA3BC1B7A98B800ACDFEE /* NotificarePassbookViewController.h */; };
		40AFA4121B7A98B800ACDFEE /* NotificareUserPreferences.h in Headers */ = {isa = PBXBuildFile; fileRef = 40AFA3BD1B7A98B800ACDFEE /* NotificareUserPreferences.h */; };
		40AFA4131B7A98B800ACDFEE /* NotificareUserViewController.h in Headers */ = {isa = PBXBuildFile; fileRef = 40AFA3BE1B7A98B800ACDFEE /* NotificareUserViewController.h */; };
		40AFA4141B7A98B800ACDFEE /* NotificareVideo.h in Headers */ = {isa = PBXBuildFile; fileRef = 40AFA3C01B7A98B800ACDFEE /* NotificareVideo.h */; };
		40AFA4151B7A98B800ACDFEE /* NotificareWebView.h in Headers */ = {isa = PBXBuildFile; fileRef = 40AFA3C21B7A98B800ACDFEE /* NotificareWebView.h */; };
		AA747D9F0F9514B9006C5449 /* TiNotificare_Prefix.pch in Headers */ = {isa = PBXBuildFile; fileRef = AA747D9E0F9514B9006C5449 /* TiNotificare_Prefix.pch */; };
		AACBBE4A0F95108600F1A2B1 /* Foundation.framework in Frameworks */ = {isa = PBXBuildFile; fileRef = AACBBE490F95108600F1A2B1 /* Foundation.framework */; };
/* End PBXBuildFile section */

/* Begin PBXContainerItemProxy section */
		24416B8411C4CA280047AFDD /* PBXContainerItemProxy */ = {
			isa = PBXContainerItemProxy;
			containerPortal = 0867D690FE84028FC02AAC07 /* Project object */;
			proxyType = 1;
			remoteGlobalIDString = D2AAC07D0554694100DB518D;
			remoteInfo = "notificare-titanium-ios";
		};
/* End PBXContainerItemProxy section */

/* Begin PBXFileReference section */
		24DD6CF71134B3F500162E58 /* TiNotificareModule.h */ = {isa = PBXFileReference; fileEncoding = 4; lastKnownFileType = sourcecode.c.h; name = TiNotificareModule.h; path = Classes/TiNotificareModule.h; sourceTree = "<group>"; };
		24DD6CF81134B3F500162E58 /* TiNotificareModule.m */ = {isa = PBXFileReference; fileEncoding = 4; lastKnownFileType = sourcecode.c.objc; name = TiNotificareModule.m; path = Classes/TiNotificareModule.m; sourceTree = "<group>"; };
		24DD6D1B1134B66800162E58 /* titanium.xcconfig */ = {isa = PBXFileReference; fileEncoding = 4; lastKnownFileType = text.xcconfig; path = titanium.xcconfig; sourceTree = "<group>"; };
		24DE9E0F11C5FE74003F90F6 /* TiNotificareModuleAssets.h */ = {isa = PBXFileReference; fileEncoding = 4; lastKnownFileType = sourcecode.c.h; name = TiNotificareModuleAssets.h; path = Classes/TiNotificareModuleAssets.h; sourceTree = "<group>"; };
		24DE9E1011C5FE74003F90F6 /* TiNotificareModuleAssets.m */ = {isa = PBXFileReference; fileEncoding = 4; lastKnownFileType = sourcecode.c.objc; name = TiNotificareModuleAssets.m; path = Classes/TiNotificareModuleAssets.m; sourceTree = "<group>"; };
		40AFA3501B7A98B800ACDFEE /* .gitignore */ = {isa = PBXFileReference; fileEncoding = 4; lastKnownFileType = text; path = .gitignore; sourceTree = "<group>"; };
		40AFA3511B7A98B800ACDFEE /* libNotificarePushLib.a */ = {isa = PBXFileReference; lastKnownFileType = archive.ar; path = libNotificarePushLib.a; sourceTree = "<group>"; };
		40AFA3551B7A98B800ACDFEE /* ActionDelegate.h */ = {isa = PBXFileReference; fileEncoding = 4; lastKnownFileType = sourcecode.c.h; path = ActionDelegate.h; sourceTree = "<group>"; };
		40AFA3561B7A98B800ACDFEE /* ActionType.h */ = {isa = PBXFileReference; fileEncoding = 4; lastKnownFileType = sourcecode.c.h; path = ActionType.h; sourceTree = "<group>"; };
		40AFA3581B7A98B800ACDFEE /* NotificareApp.h */ = {isa = PBXFileReference; fileEncoding = 4; lastKnownFileType = sourcecode.c.h; path = NotificareApp.h; sourceTree = "<group>"; };
		40AFA35A1B7A98B800ACDFEE /* NotificareBrowser.h */ = {isa = PBXFileReference; fileEncoding = 4; lastKnownFileType = sourcecode.c.h; path = NotificareBrowser.h; sourceTree = "<group>"; };
		40AFA35C1B7A98B800ACDFEE /* NotificareCallback.h */ = {isa = PBXFileReference; fileEncoding = 4; lastKnownFileType = sourcecode.c.h; path = NotificareCallback.h; sourceTree = "<group>"; };
		40AFA35E1B7A98B800ACDFEE /* NotificareCustom.h */ = {isa = PBXFileReference; fileEncoding = 4; lastKnownFileType = sourcecode.c.h; path = NotificareCustom.h; sourceTree = "<group>"; };
		40AFA3601B7A98B800ACDFEE /* NotificareMail.h */ = {isa = PBXFileReference; fileEncoding = 4; lastKnownFileType = sourcecode.c.h; path = NotificareMail.h; sourceTree = "<group>"; };
		40AFA3621B7A98B800ACDFEE /* NotificareSMS.h */ = {isa = PBXFileReference; fileEncoding = 4; lastKnownFileType = sourcecode.c.h; path = NotificareSMS.h; sourceTree = "<group>"; };
		40AFA3641B7A98B800ACDFEE /* NotificareTelephone.h */ = {isa = PBXFileReference; fileEncoding = 4; lastKnownFileType = sourcecode.c.h; path = NotificareTelephone.h; sourceTree = "<group>"; };
		40AFA3681B7A98B800ACDFEE /* NSData+NotificareMKBase64.h */ = {isa = PBXFileReference; fileEncoding = 4; lastKnownFileType = sourcecode.c.h; path = "NSData+NotificareMKBase64.h"; sourceTree = "<group>"; };
		40AFA3691B7A98B800ACDFEE /* NSDate+NotificareRFC1123.h */ = {isa = PBXFileReference; fileEncoding = 4; lastKnownFileType = sourcecode.c.h; path = "NSDate+NotificareRFC1123.h"; sourceTree = "<group>"; };
		40AFA36A1B7A98B800ACDFEE /* NSDictionary+NotificareRequestEncoding.h */ = {isa = PBXFileReference; fileEncoding = 4; lastKnownFileType = sourcecode.c.h; path = "NSDictionary+NotificareRequestEncoding.h"; sourceTree = "<group>"; };
		40AFA36B1B7A98B800ACDFEE /* NSString+NotificareMKNetworkKitAdditions.h */ = {isa = PBXFileReference; fileEncoding = 4; lastKnownFileType = sourcecode.c.h; path = "NSString+NotificareMKNetworkKitAdditions.h"; sourceTree = "<group>"; };
		40AFA36C1B7A98B800ACDFEE /* UIAlertView+NotificareMKNetworkKitAdditions.h */ = {isa = PBXFileReference; fileEncoding = 4; lastKnownFileType = sourcecode.c.h; path = "UIAlertView+NotificareMKNetworkKitAdditions.h"; sourceTree = "<group>"; };
		40AFA36D1B7A98B800ACDFEE /* UIImageView+NotificareMKNetworkKitAdditions.h */ = {isa = PBXFileReference; fileEncoding = 4; lastKnownFileType = sourcecode.c.h; path = "UIImageView+NotificareMKNetworkKitAdditions.h"; sourceTree = "<group>"; };
		40AFA36E1B7A98B800ACDFEE /* NotificareMKNetworkEngine.h */ = {isa = PBXFileReference; fileEncoding = 4; lastKnownFileType = sourcecode.c.h; path = NotificareMKNetworkEngine.h; sourceTree = "<group>"; };
		40AFA36F1B7A98B800ACDFEE /* NotificareMKNetworkKit.h */ = {isa = PBXFileReference; fileEncoding = 4; lastKnownFileType = sourcecode.c.h; path = NotificareMKNetworkKit.h; sourceTree = "<group>"; };
		40AFA3701B7A98B800ACDFEE /* NotificareMKNetworkOperation.h */ = {isa = PBXFileReference; fileEncoding = 4; lastKnownFileType = sourcecode.c.h; path = NotificareMKNetworkOperation.h; sourceTree = "<group>"; };
		40AFA3721B7A98B800ACDFEE /* NotificareReachability.h */ = {isa = PBXFileReference; fileEncoding = 4; lastKnownFileType = sourcecode.c.h; path = NotificareReachability.h; sourceTree = "<group>"; };
		40AFA3741B7A98B800ACDFEE /* NotificareNXOAuth2.h */ = {isa = PBXFileReference; fileEncoding = 4; lastKnownFileType = sourcecode.c.h; path = NotificareNXOAuth2.h; sourceTree = "<group>"; };
		40AFA3751B7A98B800ACDFEE /* NotificareNXOAuth2AccessToken.h */ = {isa = PBXFileReference; fileEncoding = 4; lastKnownFileType = sourcecode.c.h; path = NotificareNXOAuth2AccessToken.h; sourceTree = "<group>"; };
		40AFA3761B7A98B800ACDFEE /* NotificareNXOAuth2Account+Private.h */ = {isa = PBXFileReference; fileEncoding = 4; lastKnownFileType = sourcecode.c.h; path = "NotificareNXOAuth2Account+Private.h"; sourceTree = "<group>"; };
		40AFA3771B7A98B800ACDFEE /* NotificareNXOAuth2Account.h */ = {isa = PBXFileReference; fileEncoding = 4; lastKnownFileType = sourcecode.c.h; path = NotificareNXOAuth2Account.h; sourceTree = "<group>"; };
		40AFA3781B7A98B800ACDFEE /* NotificareNXOAuth2AccountStore.h */ = {isa = PBXFileReference; fileEncoding = 4; lastKnownFileType = sourcecode.c.h; path = NotificareNXOAuth2AccountStore.h; sourceTree = "<group>"; };
		40AFA3791B7A98B800ACDFEE /* NotificareNXOAuth2Client.h */ = {isa = PBXFileReference; fileEncoding = 4; lastKnownFileType = sourcecode.c.h; path = NotificareNXOAuth2Client.h; sourceTree = "<group>"; };
		40AFA37A1B7A98B800ACDFEE /* NotificareNXOAuth2ClientDelegate.h */ = {isa = PBXFileReference; fileEncoding = 4; lastKnownFileType = sourcecode.c.h; path = NotificareNXOAuth2ClientDelegate.h; sourceTree = "<group>"; };
		40AFA37B1B7A98B800ACDFEE /* NotificareNXOAuth2Connection.h */ = {isa = PBXFileReference; fileEncoding = 4; lastKnownFileType = sourcecode.c.h; path = NotificareNXOAuth2Connection.h; sourceTree = "<group>"; };
		40AFA37C1B7A98B800ACDFEE /* NotificareNXOAuth2ConnectionDelegate.h */ = {isa = PBXFileReference; fileEncoding = 4; lastKnownFileType = sourcecode.c.h; path = NotificareNXOAuth2ConnectionDelegate.h; sourceTree = "<group>"; };
		40AFA37D1B7A98B800ACDFEE /* NotificareNXOAuth2Constants.h */ = {isa = PBXFileReference; fileEncoding = 4; lastKnownFileType = sourcecode.c.h; path = NotificareNXOAuth2Constants.h; sourceTree = "<group>"; };
		40AFA37E1B7A98B800ACDFEE /* NotificareNXOAuth2FileStreamWrapper.h */ = {isa = PBXFileReference; fileEncoding = 4; lastKnownFileType = sourcecode.c.h; path = NotificareNXOAuth2FileStreamWrapper.h; sourceTree = "<group>"; };
		40AFA37F1B7A98B800ACDFEE /* NotificareNXOAuth2PostBodyPart.h */ = {isa = PBXFileReference; fileEncoding = 4; lastKnownFileType = sourcecode.c.h; path = NotificareNXOAuth2PostBodyPart.h; sourceTree = "<group>"; };
		40AFA3801B7A98B800ACDFEE /* NotificareNXOAuth2PostBodyStream.h */ = {isa = PBXFileReference; fileEncoding = 4; lastKnownFileType = sourcecode.c.h; path = NotificareNXOAuth2PostBodyStream.h; sourceTree = "<group>"; };
		40AFA3811B7A98B800ACDFEE /* NotificareNXOAuth2Request.h */ = {isa = PBXFileReference; fileEncoding = 4; lastKnownFileType = sourcecode.c.h; path = NotificareNXOAuth2Request.h; sourceTree = "<group>"; };
		40AFA3821B7A98B800ACDFEE /* NotificareNXOAuth2TrustDelegate.h */ = {isa = PBXFileReference; fileEncoding = 4; lastKnownFileType = sourcecode.c.h; path = NotificareNXOAuth2TrustDelegate.h; sourceTree = "<group>"; };
		40AFA3831B7A98B800ACDFEE /* NSData+NotificareNXOAuth2.h */ = {isa = PBXFileReference; fileEncoding = 4; lastKnownFileType = sourcecode.c.h; path = "NSData+NotificareNXOAuth2.h"; sourceTree = "<group>"; };
		40AFA3841B7A98B800ACDFEE /* NSString+NotificareNXOAuth2.h */ = {isa = PBXFileReference; fileEncoding = 4; lastKnownFileType = sourcecode.c.h; path = "NSString+NotificareNXOAuth2.h"; sourceTree = "<group>"; };
		40AFA3851B7A98B800ACDFEE /* NSURL+NotificareNXOAuth2.h */ = {isa = PBXFileReference; fileEncoding = 4; lastKnownFileType = sourcecode.c.h; path = "NSURL+NotificareNXOAuth2.h"; sourceTree = "<group>"; };
		40AFA3871B7A98B800ACDFEE /* base64.h */ = {isa = PBXFileReference; fileEncoding = 4; lastKnownFileType = sourcecode.c.h; path = base64.h; sourceTree = "<group>"; };
		40AFA3881B7A98B800ACDFEE /* NotificareSocketRocket-Prefix.pch */ = {isa = PBXFileReference; fileEncoding = 4; lastKnownFileType = sourcecode.c.h; path = "NotificareSocketRocket-Prefix.pch"; sourceTree = "<group>"; };
		40AFA3891B7A98B800ACDFEE /* NotificareSRWebSocket.h */ = {isa = PBXFileReference; fileEncoding = 4; lastKnownFileType = sourcecode.c.h; path = NotificareSRWebSocket.h; sourceTree = "<group>"; };
		40AFA38A1B7A98B800ACDFEE /* NSData+NotificareSRB64Additions.h */ = {isa = PBXFileReference; fileEncoding = 4; lastKnownFileType = sourcecode.c.h; path = "NSData+NotificareSRB64Additions.h"; sourceTree = "<group>"; };
		40AFA38C1B7A98B800ACDFEE /* NotificareAction.h */ = {isa = PBXFileReference; fileEncoding = 4; lastKnownFileType = sourcecode.c.h; path = NotificareAction.h; sourceTree = "<group>"; };
		40AFA38D1B7A98B800ACDFEE /* NotificareAttachment.h */ = {isa = PBXFileReference; fileEncoding = 4; lastKnownFileType = sourcecode.c.h; path = NotificareAttachment.h; sourceTree = "<group>"; };
		40AFA38E1B7A98B800ACDFEE /* NotificareBeacon.h */ = {isa = PBXFileReference; fileEncoding = 4; lastKnownFileType = sourcecode.c.h; path = NotificareBeacon.h; sourceTree = "<group>"; };
		40AFA38F1B7A98B800ACDFEE /* NotificareContent.h */ = {isa = PBXFileReference; fileEncoding = 4; lastKnownFileType = sourcecode.c.h; path = NotificareContent.h; sourceTree = "<group>"; };
		40AFA3901B7A98B800ACDFEE /* NotificareDevice.h */ = {isa = PBXFileReference; fileEncoding = 4; lastKnownFileType = sourcecode.c.h; path = NotificareDevice.h; sourceTree = "<group>"; };
		40AFA3911B7A98B800ACDFEE /* NotificareNotification.h */ = {isa = PBXFileReference; fileEncoding = 4; lastKnownFileType = sourcecode.c.h; path = NotificareNotification.h; sourceTree = "<group>"; };
		40AFA3921B7A98B800ACDFEE /* NotificareProduct.h */ = {isa = PBXFileReference; fileEncoding = 4; lastKnownFileType = sourcecode.c.h; path = NotificareProduct.h; sourceTree = "<group>"; };
		40AFA3931B7A98B800ACDFEE /* NotificareSegment.h */ = {isa = PBXFileReference; fileEncoding = 4; lastKnownFileType = sourcecode.c.h; path = NotificareSegment.h; sourceTree = "<group>"; };
		40AFA3941B7A98B800ACDFEE /* NotificareUser.h */ = {isa = PBXFileReference; fileEncoding = 4; lastKnownFileType = sourcecode.c.h; path = NotificareUser.h; sourceTree = "<group>"; };
		40AFA3951B7A98B800ACDFEE /* NotificareUserPreference.h */ = {isa = PBXFileReference; fileEncoding = 4; lastKnownFileType = sourcecode.c.h; path = NotificareUserPreference.h; sourceTree = "<group>"; };
		40AFA3961B7A98B800ACDFEE /* Notificare.h */ = {isa = PBXFileReference; fileEncoding = 4; lastKnownFileType = sourcecode.c.h; path = Notificare.h; sourceTree = "<group>"; };
		40AFA3971B7A98B800ACDFEE /* NotificareActions.h */ = {isa = PBXFileReference; fileEncoding = 4; lastKnownFileType = sourcecode.c.h; path = NotificareActions.h; sourceTree = "<group>"; };
		40AFA3981B7A98B800ACDFEE /* NotificareEngine.h */ = {isa = PBXFileReference; fileEncoding = 4; lastKnownFileType = sourcecode.c.h; path = NotificareEngine.h; sourceTree = "<group>"; };
		40AFA3991B7A98B800ACDFEE /* NotificarePushLib.h */ = {isa = PBXFileReference; fileEncoding = 4; lastKnownFileType = sourcecode.c.h; path = NotificarePushLib.h; sourceTree = "<group>"; };
		40AFA39B1B7A98B800ACDFEE /* NSData+Hex.h */ = {isa = PBXFileReference; fileEncoding = 4; lastKnownFileType = sourcecode.c.h; path = "NSData+Hex.h"; sourceTree = "<group>"; };
		40AFA39C1B7A98B800ACDFEE /* NSDate+TimeAgo.h */ = {isa = PBXFileReference; fileEncoding = 4; lastKnownFileType = sourcecode.c.h; path = "NSDate+TimeAgo.h"; sourceTree = "<group>"; };
		40AFA39D1B7A98B800ACDFEE /* NSDictionary+FromPlist.h */ = {isa = PBXFileReference; fileEncoding = 4; lastKnownFileType = sourcecode.c.h; path = "NSDictionary+FromPlist.h"; sourceTree = "<group>"; };
		40AFA39E1B7A98B800ACDFEE /* NSString+FromBundle.h */ = {isa = PBXFileReference; fileEncoding = 4; lastKnownFileType = sourcecode.c.h; path = "NSString+FromBundle.h"; sourceTree = "<group>"; };
		40AFA39F1B7A98B800ACDFEE /* NSString+Utils.h */ = {isa = PBXFileReference; fileEncoding = 4; lastKnownFileType = sourcecode.c.h; path = "NSString+Utils.h"; sourceTree = "<group>"; };
		40AFA3A01B7A98B800ACDFEE /* SKProduct+priceAsString.h */ = {isa = PBXFileReference; fileEncoding = 4; lastKnownFileType = sourcecode.c.h; path = "SKProduct+priceAsString.h"; sourceTree = "<group>"; };
		40AFA3A11B7A98B800ACDFEE /* UIImage+FromBundle.h */ = {isa = PBXFileReference; fileEncoding = 4; lastKnownFileType = sourcecode.c.h; path = "UIImage+FromBundle.h"; sourceTree = "<group>"; };
		40AFA3A41B7A98B800ACDFEE /* NotificareAlert.h */ = {isa = PBXFileReference; fileEncoding = 4; lastKnownFileType = sourcecode.c.h; path = NotificareAlert.h; sourceTree = "<group>"; };
		40AFA3A61B7A98B800ACDFEE /* NotificareBeacons.h */ = {isa = PBXFileReference; fileEncoding = 4; lastKnownFileType = sourcecode.c.h; path = NotificareBeacons.h; sourceTree = "<group>"; };
		40AFA3A81B7A98B800ACDFEE /* NotificareForm.h */ = {isa = PBXFileReference; fileEncoding = 4; lastKnownFileType = sourcecode.c.h; path = NotificareForm.h; sourceTree = "<group>"; };
		40AFA3AA1B7A98B800ACDFEE /* NotificareImage.h */ = {isa = PBXFileReference; fileEncoding = 4; lastKnownFileType = sourcecode.c.h; path = NotificareImage.h; sourceTree = "<group>"; };
		40AFA3AC1B7A98B800ACDFEE /* NotificareInbox.h */ = {isa = PBXFileReference; fileEncoding = 4; lastKnownFileType = sourcecode.c.h; path = NotificareInbox.h; sourceTree = "<group>"; };
		40AFA3AE1B7A98B800ACDFEE /* NotificareLocation.h */ = {isa = PBXFileReference; fileEncoding = 4; lastKnownFileType = sourcecode.c.h; path = NotificareLocation.h; sourceTree = "<group>"; };
		40AFA3AF1B7A98B800ACDFEE /* NotificareMap.h */ = {isa = PBXFileReference; fileEncoding = 4; lastKnownFileType = sourcecode.c.h; path = NotificareMap.h; sourceTree = "<group>"; };
		40AFA3B01B7A98B800ACDFEE /* NotificationDelegate.h */ = {isa = PBXFileReference; fileEncoding = 4; lastKnownFileType = sourcecode.c.h; path = NotificationDelegate.h; sourceTree = "<group>"; };
		40AFA3B11B7A98B800ACDFEE /* NotificationType.h */ = {isa = PBXFileReference; fileEncoding = 4; lastKnownFileType = sourcecode.c.h; path = NotificationType.h; sourceTree = "<group>"; };
		40AFA3B31B7A98B800ACDFEE /* NotificarePassbook.h */ = {isa = PBXFileReference; fileEncoding = 4; lastKnownFileType = sourcecode.c.h; path = NotificarePassbook.h; sourceTree = "<group>"; };
		40AFA3B51B7A98B800ACDFEE /* NotificareRate.h */ = {isa = PBXFileReference; fileEncoding = 4; lastKnownFileType = sourcecode.c.h; path = NotificareRate.h; sourceTree = "<group>"; };
		40AFA3B71B7A98B800ACDFEE /* NotificareURL.h */ = {isa = PBXFileReference; fileEncoding = 4; lastKnownFileType = sourcecode.c.h; path = NotificareURL.h; sourceTree = "<group>"; };
		40AFA3B91B7A98B800ACDFEE /* NotificareBeaconsViewController.h */ = {isa = PBXFileReference; fileEncoding = 4; lastKnownFileType = sourcecode.c.h; path = NotificareBeaconsViewController.h; sourceTree = "<group>"; };
		40AFA3BA1B7A98B800ACDFEE /* NotificareDeviceViewController.h */ = {isa = PBXFileReference; fileEncoding = 4; lastKnownFileType = sourcecode.c.h; path = NotificareDeviceViewController.h; sourceTree = "<group>"; };
		40AFA3BB1B7A98B800ACDFEE /* NotificareInboxViewController.h */ = {isa = PBXFileReference; fileEncoding = 4; lastKnownFileType = sourcecode.c.h; path = NotificareInboxViewController.h; sourceTree = "<group>"; };
		40AFA3BC1B7A98B800ACDFEE /* NotificarePassbookViewController.h */ = {isa = PBXFileReference; fileEncoding = 4; lastKnownFileType = sourcecode.c.h; path = NotificarePassbookViewController.h; sourceTree = "<group>"; };
		40AFA3BD1B7A98B800ACDFEE /* NotificareUserPreferences.h */ = {isa = PBXFileReference; fileEncoding = 4; lastKnownFileType = sourcecode.c.h; path = NotificareUserPreferences.h; sourceTree = "<group>"; };
		40AFA3BE1B7A98B800ACDFEE /* NotificareUserViewController.h */ = {isa = PBXFileReference; fileEncoding = 4; lastKnownFileType = sourcecode.c.h; path = NotificareUserViewController.h; sourceTree = "<group>"; };
		40AFA3C01B7A98B800ACDFEE /* NotificareVideo.h */ = {isa = PBXFileReference; fileEncoding = 4; lastKnownFileType = sourcecode.c.h; path = NotificareVideo.h; sourceTree = "<group>"; };
		40AFA3C21B7A98B800ACDFEE /* NotificareWebView.h */ = {isa = PBXFileReference; fileEncoding = 4; lastKnownFileType = sourcecode.c.h; path = NotificareWebView.h; sourceTree = "<group>"; };
		AA747D9E0F9514B9006C5449 /* TiNotificare_Prefix.pch */ = {isa = PBXFileReference; fileEncoding = 4; lastKnownFileType = sourcecode.c.h; path = TiNotificare_Prefix.pch; sourceTree = SOURCE_ROOT; };
		AACBBE490F95108600F1A2B1 /* Foundation.framework */ = {isa = PBXFileReference; lastKnownFileType = wrapper.framework; name = Foundation.framework; path = System/Library/Frameworks/Foundation.framework; sourceTree = SDKROOT; };
		D2AAC07E0554694100DB518D /* libTiNotificare.a */ = {isa = PBXFileReference; explicitFileType = archive.ar; includeInIndex = 0; path = libTiNotificare.a; sourceTree = BUILT_PRODUCTS_DIR; };
/* End PBXFileReference section */

/* Begin PBXFrameworksBuildPhase section */
		D2AAC07C0554694100DB518D /* Frameworks */ = {
			isa = PBXFrameworksBuildPhase;
			buildActionMask = 2147483647;
			files = (
				40AFA3C31B7A98B800ACDFEE /* libNotificarePushLib.a in Frameworks */,
				AACBBE4A0F95108600F1A2B1 /* Foundation.framework in Frameworks */,
			);
			runOnlyForDeploymentPostprocessing = 0;
		};
/* End PBXFrameworksBuildPhase section */

/* Begin PBXGroup section */
		034768DFFF38A50411DB9C8B /* Products */ = {
			isa = PBXGroup;
			children = (
				D2AAC07E0554694100DB518D /* libTiNotificare.a */,
			);
			name = Products;
			sourceTree = "<group>";
		};
		0867D691FE84028FC02AAC07 /* notificare-titanium-ios */ = {
			isa = PBXGroup;
			children = (
				40AFA34F1B7A98B800ACDFEE /* notificare-push-lib-1.5.8 */,
				08FB77AEFE84172EC02AAC07 /* Classes */,
				32C88DFF0371C24200C91783 /* Other Sources */,
				0867D69AFE84028FC02AAC07 /* Frameworks */,
				034768DFFF38A50411DB9C8B /* Products */,
			);
			name = "notificare-titanium-ios";
			sourceTree = "<group>";
		};
		0867D69AFE84028FC02AAC07 /* Frameworks */ = {
			isa = PBXGroup;
			children = (
				AACBBE490F95108600F1A2B1 /* Foundation.framework */,
			);
			name = Frameworks;
			sourceTree = "<group>";
		};
		08FB77AEFE84172EC02AAC07 /* Classes */ = {
			isa = PBXGroup;
			children = (
				24DE9E0F11C5FE74003F90F6 /* TiNotificareModuleAssets.h */,
				24DE9E1011C5FE74003F90F6 /* TiNotificareModuleAssets.m */,
				24DD6CF71134B3F500162E58 /* TiNotificareModule.h */,
				24DD6CF81134B3F500162E58 /* TiNotificareModule.m */,
			);
			name = Classes;
			sourceTree = "<group>";
		};
		32C88DFF0371C24200C91783 /* Other Sources */ = {
			isa = PBXGroup;
			children = (
				AA747D9E0F9514B9006C5449 /* TiNotificare_Prefix.pch */,
				24DD6D1B1134B66800162E58 /* titanium.xcconfig */,
			);
			name = "Other Sources";
			sourceTree = "<group>";
		};
		40AFA34F1B7A98B800ACDFEE /* notificare-push-lib-1.5.8 */ = {
			isa = PBXGroup;
			children = (
				40AFA3501B7A98B800ACDFEE /* .gitignore */,
				40AFA3511B7A98B800ACDFEE /* libNotificarePushLib.a */,
				40AFA3521B7A98B800ACDFEE /* Notificare */,
			);
			path = "notificare-push-lib-1.5.8";
			sourceTree = "<group>";
		};
		40AFA3521B7A98B800ACDFEE /* Notificare */ = {
			isa = PBXGroup;
			children = (
				40AFA3531B7A98B800ACDFEE /* NotificarePushLib */,
			);
			path = Notificare;
			sourceTree = "<group>";
		};
		40AFA3531B7A98B800ACDFEE /* NotificarePushLib */ = {
			isa = PBXGroup;
			children = (
				40AFA3541B7A98B800ACDFEE /* Actions */,
				40AFA3651B7A98B800ACDFEE /* Libraries */,
				40AFA38B1B7A98B800ACDFEE /* Models */,
				40AFA3961B7A98B800ACDFEE /* Notificare.h */,
				40AFA3971B7A98B800ACDFEE /* NotificareActions.h */,
				40AFA3981B7A98B800ACDFEE /* NotificareEngine.h */,
				40AFA3991B7A98B800ACDFEE /* NotificarePushLib.h */,
				40AFA39A1B7A98B800ACDFEE /* Shared */,
				40AFA3A21B7A98B800ACDFEE /* Types */,
			);
			path = NotificarePushLib;
			sourceTree = "<group>";
		};
		40AFA3541B7A98B800ACDFEE /* Actions */ = {
			isa = PBXGroup;
			children = (
				40AFA3551B7A98B800ACDFEE /* ActionDelegate.h */,
				40AFA3561B7A98B800ACDFEE /* ActionType.h */,
				40AFA3571B7A98B800ACDFEE /* App */,
				40AFA3591B7A98B800ACDFEE /* Browser */,
				40AFA35B1B7A98B800ACDFEE /* Callback */,
				40AFA35D1B7A98B800ACDFEE /* Custom */,
				40AFA35F1B7A98B800ACDFEE /* Mail */,
				40AFA3611B7A98B800ACDFEE /* SMS */,
				40AFA3631B7A98B800ACDFEE /* Telephone */,
			);
			path = Actions;
			sourceTree = "<group>";
		};
		40AFA3571B7A98B800ACDFEE /* App */ = {
			isa = PBXGroup;
			children = (
				40AFA3581B7A98B800ACDFEE /* NotificareApp.h */,
			);
			path = App;
			sourceTree = "<group>";
		};
		40AFA3591B7A98B800ACDFEE /* Browser */ = {
			isa = PBXGroup;
			children = (
				40AFA35A1B7A98B800ACDFEE /* NotificareBrowser.h */,
			);
			path = Browser;
			sourceTree = "<group>";
		};
		40AFA35B1B7A98B800ACDFEE /* Callback */ = {
			isa = PBXGroup;
			children = (
				40AFA35C1B7A98B800ACDFEE /* NotificareCallback.h */,
			);
			path = Callback;
			sourceTree = "<group>";
		};
		40AFA35D1B7A98B800ACDFEE /* Custom */ = {
			isa = PBXGroup;
			children = (
				40AFA35E1B7A98B800ACDFEE /* NotificareCustom.h */,
			);
			path = Custom;
			sourceTree = "<group>";
		};
		40AFA35F1B7A98B800ACDFEE /* Mail */ = {
			isa = PBXGroup;
			children = (
				40AFA3601B7A98B800ACDFEE /* NotificareMail.h */,
			);
			path = Mail;
			sourceTree = "<group>";
		};
		40AFA3611B7A98B800ACDFEE /* SMS */ = {
			isa = PBXGroup;
			children = (
				40AFA3621B7A98B800ACDFEE /* NotificareSMS.h */,
			);
			path = SMS;
			sourceTree = "<group>";
		};
		40AFA3631B7A98B800ACDFEE /* Telephone */ = {
			isa = PBXGroup;
			children = (
				40AFA3641B7A98B800ACDFEE /* NotificareTelephone.h */,
			);
			path = Telephone;
			sourceTree = "<group>";
		};
		40AFA3651B7A98B800ACDFEE /* Libraries */ = {
			isa = PBXGroup;
			children = (
				40AFA3661B7A98B800ACDFEE /* MKNetworkKit */,
				40AFA3731B7A98B800ACDFEE /* NXOAuth2Client */,
				40AFA3861B7A98B800ACDFEE /* SocketRocket */,
			);
			path = Libraries;
			sourceTree = "<group>";
		};
		40AFA3661B7A98B800ACDFEE /* MKNetworkKit */ = {
			isa = PBXGroup;
			children = (
				40AFA3671B7A98B800ACDFEE /* Categories */,
				40AFA36E1B7A98B800ACDFEE /* NotificareMKNetworkEngine.h */,
				40AFA36F1B7A98B800ACDFEE /* NotificareMKNetworkKit.h */,
				40AFA3701B7A98B800ACDFEE /* NotificareMKNetworkOperation.h */,
				40AFA3711B7A98B800ACDFEE /* Reachability */,
			);
			path = MKNetworkKit;
			sourceTree = "<group>";
		};
		40AFA3671B7A98B800ACDFEE /* Categories */ = {
			isa = PBXGroup;
			children = (
				40AFA3681B7A98B800ACDFEE /* NSData+NotificareMKBase64.h */,
				40AFA3691B7A98B800ACDFEE /* NSDate+NotificareRFC1123.h */,
				40AFA36A1B7A98B800ACDFEE /* NSDictionary+NotificareRequestEncoding.h */,
				40AFA36B1B7A98B800ACDFEE /* NSString+NotificareMKNetworkKitAdditions.h */,
				40AFA36C1B7A98B800ACDFEE /* UIAlertView+NotificareMKNetworkKitAdditions.h */,
				40AFA36D1B7A98B800ACDFEE /* UIImageView+NotificareMKNetworkKitAdditions.h */,
			);
			path = Categories;
			sourceTree = "<group>";
		};
		40AFA3711B7A98B800ACDFEE /* Reachability */ = {
			isa = PBXGroup;
			children = (
				40AFA3721B7A98B800ACDFEE /* NotificareReachability.h */,
			);
			path = Reachability;
			sourceTree = "<group>";
		};
		40AFA3731B7A98B800ACDFEE /* NXOAuth2Client */ = {
			isa = PBXGroup;
			children = (
				40AFA3741B7A98B800ACDFEE /* NotificareNXOAuth2.h */,
				40AFA3751B7A98B800ACDFEE /* NotificareNXOAuth2AccessToken.h */,
				40AFA3761B7A98B800ACDFEE /* NotificareNXOAuth2Account+Private.h */,
				40AFA3771B7A98B800ACDFEE /* NotificareNXOAuth2Account.h */,
				40AFA3781B7A98B800ACDFEE /* NotificareNXOAuth2AccountStore.h */,
				40AFA3791B7A98B800ACDFEE /* NotificareNXOAuth2Client.h */,
				40AFA37A1B7A98B800ACDFEE /* NotificareNXOAuth2ClientDelegate.h */,
				40AFA37B1B7A98B800ACDFEE /* NotificareNXOAuth2Connection.h */,
				40AFA37C1B7A98B800ACDFEE /* NotificareNXOAuth2ConnectionDelegate.h */,
				40AFA37D1B7A98B800ACDFEE /* NotificareNXOAuth2Constants.h */,
				40AFA37E1B7A98B800ACDFEE /* NotificareNXOAuth2FileStreamWrapper.h */,
				40AFA37F1B7A98B800ACDFEE /* NotificareNXOAuth2PostBodyPart.h */,
				40AFA3801B7A98B800ACDFEE /* NotificareNXOAuth2PostBodyStream.h */,
				40AFA3811B7A98B800ACDFEE /* NotificareNXOAuth2Request.h */,
				40AFA3821B7A98B800ACDFEE /* NotificareNXOAuth2TrustDelegate.h */,
				40AFA3831B7A98B800ACDFEE /* NSData+NotificareNXOAuth2.h */,
				40AFA3841B7A98B800ACDFEE /* NSString+NotificareNXOAuth2.h */,
				40AFA3851B7A98B800ACDFEE /* NSURL+NotificareNXOAuth2.h */,
			);
			path = NXOAuth2Client;
			sourceTree = "<group>";
		};
		40AFA3861B7A98B800ACDFEE /* SocketRocket */ = {
			isa = PBXGroup;
			children = (
				40AFA3871B7A98B800ACDFEE /* base64.h */,
				40AFA3881B7A98B800ACDFEE /* NotificareSocketRocket-Prefix.pch */,
				40AFA3891B7A98B800ACDFEE /* NotificareSRWebSocket.h */,
				40AFA38A1B7A98B800ACDFEE /* NSData+NotificareSRB64Additions.h */,
			);
			path = SocketRocket;
			sourceTree = "<group>";
		};
		40AFA38B1B7A98B800ACDFEE /* Models */ = {
			isa = PBXGroup;
			children = (
				40AFA38C1B7A98B800ACDFEE /* NotificareAction.h */,
				40AFA38D1B7A98B800ACDFEE /* NotificareAttachment.h */,
				40AFA38E1B7A98B800ACDFEE /* NotificareBeacon.h */,
				40AFA38F1B7A98B800ACDFEE /* NotificareContent.h */,
				40AFA3901B7A98B800ACDFEE /* NotificareDevice.h */,
				40AFA3911B7A98B800ACDFEE /* NotificareNotification.h */,
				40AFA3921B7A98B800ACDFEE /* NotificareProduct.h */,
				40AFA3931B7A98B800ACDFEE /* NotificareSegment.h */,
				40AFA3941B7A98B800ACDFEE /* NotificareUser.h */,
				40AFA3951B7A98B800ACDFEE /* NotificareUserPreference.h */,
			);
			path = Models;
			sourceTree = "<group>";
		};
		40AFA39A1B7A98B800ACDFEE /* Shared */ = {
			isa = PBXGroup;
			children = (
				40AFA39B1B7A98B800ACDFEE /* NSData+Hex.h */,
				40AFA39C1B7A98B800ACDFEE /* NSDate+TimeAgo.h */,
				40AFA39D1B7A98B800ACDFEE /* NSDictionary+FromPlist.h */,
				40AFA39E1B7A98B800ACDFEE /* NSString+FromBundle.h */,
				40AFA39F1B7A98B800ACDFEE /* NSString+Utils.h */,
				40AFA3A01B7A98B800ACDFEE /* SKProduct+priceAsString.h */,
				40AFA3A11B7A98B800ACDFEE /* UIImage+FromBundle.h */,
			);
			path = Shared;
			sourceTree = "<group>";
		};
		40AFA3A21B7A98B800ACDFEE /* Types */ = {
			isa = PBXGroup;
			children = (
				40AFA3A31B7A98B800ACDFEE /* Alert */,
				40AFA3A51B7A98B800ACDFEE /* Beacons */,
				40AFA3A71B7A98B800ACDFEE /* Form */,
				40AFA3A91B7A98B800ACDFEE /* Image */,
				40AFA3AB1B7A98B800ACDFEE /* Inbox */,
				40AFA3AD1B7A98B800ACDFEE /* Map */,
				40AFA3B01B7A98B800ACDFEE /* NotificationDelegate.h */,
				40AFA3B11B7A98B800ACDFEE /* NotificationType.h */,
				40AFA3B21B7A98B800ACDFEE /* Passbook */,
				40AFA3B41B7A98B800ACDFEE /* Rate */,
				40AFA3B61B7A98B800ACDFEE /* URL */,
				40AFA3B81B7A98B800ACDFEE /* UserPreferences */,
				40AFA3BF1B7A98B800ACDFEE /* Video */,
				40AFA3C11B7A98B800ACDFEE /* WebView */,
			);
			path = Types;
			sourceTree = "<group>";
		};
		40AFA3A31B7A98B800ACDFEE /* Alert */ = {
			isa = PBXGroup;
			children = (
				40AFA3A41B7A98B800ACDFEE /* NotificareAlert.h */,
			);
			path = Alert;
			sourceTree = "<group>";
		};
		40AFA3A51B7A98B800ACDFEE /* Beacons */ = {
			isa = PBXGroup;
			children = (
				40AFA3A61B7A98B800ACDFEE /* NotificareBeacons.h */,
			);
			path = Beacons;
			sourceTree = "<group>";
		};
		40AFA3A71B7A98B800ACDFEE /* Form */ = {
			isa = PBXGroup;
			children = (
				40AFA3A81B7A98B800ACDFEE /* NotificareForm.h */,
			);
			path = Form;
			sourceTree = "<group>";
		};
		40AFA3A91B7A98B800ACDFEE /* Image */ = {
			isa = PBXGroup;
			children = (
				40AFA3AA1B7A98B800ACDFEE /* NotificareImage.h */,
			);
			path = Image;
			sourceTree = "<group>";
		};
		40AFA3AB1B7A98B800ACDFEE /* Inbox */ = {
			isa = PBXGroup;
			children = (
				40AFA3AC1B7A98B800ACDFEE /* NotificareInbox.h */,
			);
			path = Inbox;
			sourceTree = "<group>";
		};
		40AFA3AD1B7A98B800ACDFEE /* Map */ = {
			isa = PBXGroup;
			children = (
				40AFA3AE1B7A98B800ACDFEE /* NotificareLocation.h */,
				40AFA3AF1B7A98B800ACDFEE /* NotificareMap.h */,
			);
			path = Map;
			sourceTree = "<group>";
		};
		40AFA3B21B7A98B800ACDFEE /* Passbook */ = {
			isa = PBXGroup;
			children = (
				40AFA3B31B7A98B800ACDFEE /* NotificarePassbook.h */,
			);
			path = Passbook;
			sourceTree = "<group>";
		};
		40AFA3B41B7A98B800ACDFEE /* Rate */ = {
			isa = PBXGroup;
			children = (
				40AFA3B51B7A98B800ACDFEE /* NotificareRate.h */,
			);
			path = Rate;
			sourceTree = "<group>";
		};
		40AFA3B61B7A98B800ACDFEE /* URL */ = {
			isa = PBXGroup;
			children = (
				40AFA3B71B7A98B800ACDFEE /* NotificareURL.h */,
			);
			path = URL;
			sourceTree = "<group>";
		};
		40AFA3B81B7A98B800ACDFEE /* UserPreferences */ = {
			isa = PBXGroup;
			children = (
				40AFA3B91B7A98B800ACDFEE /* NotificareBeaconsViewController.h */,
				40AFA3BA1B7A98B800ACDFEE /* NotificareDeviceViewController.h */,
				40AFA3BB1B7A98B800ACDFEE /* NotificareInboxViewController.h */,
				40AFA3BC1B7A98B800ACDFEE /* NotificarePassbookViewController.h */,
				40AFA3BD1B7A98B800ACDFEE /* NotificareUserPreferences.h */,
				40AFA3BE1B7A98B800ACDFEE /* NotificareUserViewController.h */,
			);
			path = UserPreferences;
			sourceTree = "<group>";
		};
		40AFA3BF1B7A98B800ACDFEE /* Video */ = {
			isa = PBXGroup;
			children = (
				40AFA3C01B7A98B800ACDFEE /* NotificareVideo.h */,
			);
			path = Video;
			sourceTree = "<group>";
		};
		40AFA3C11B7A98B800ACDFEE /* WebView */ = {
			isa = PBXGroup;
			children = (
				40AFA3C21B7A98B800ACDFEE /* NotificareWebView.h */,
			);
			path = WebView;
			sourceTree = "<group>";
		};
/* End PBXGroup section */

/* Begin PBXHeadersBuildPhase section */
		D2AAC07A0554694100DB518D /* Headers */ = {
			isa = PBXHeadersBuildPhase;
			buildActionMask = 2147483647;
			files = (
				40AFA3CE1B7A98B800ACDFEE /* NSDate+NotificareRFC1123.h in Headers */,
				40AFA3D71B7A98B800ACDFEE /* NotificareNXOAuth2.h in Headers */,
				40AFA3CF1B7A98B800ACDFEE /* NSDictionary+NotificareRequestEncoding.h in Headers */,
				40AFA3E81B7A98B800ACDFEE /* NSURL+NotificareNXOAuth2.h in Headers */,
				40AFA3DF1B7A98B800ACDFEE /* NotificareNXOAuth2ConnectionDelegate.h in Headers */,
				AA747D9F0F9514B9006C5449 /* TiNotificare_Prefix.pch in Headers */,
				40AFA3CA1B7A98B800ACDFEE /* NotificareMail.h in Headers */,
				40AFA3DA1B7A98B800ACDFEE /* NotificareNXOAuth2Account.h in Headers */,
				40AFA4111B7A98B800ACDFEE /* NotificarePassbookViewController.h in Headers */,
				40AFA3E61B7A98B800ACDFEE /* NSData+NotificareNXOAuth2.h in Headers */,
				40AFA3FF1B7A98B800ACDFEE /* NSString+Utils.h in Headers */,
				40AFA3C91B7A98B800ACDFEE /* NotificareCustom.h in Headers */,
				40AFA4151B7A98B800ACDFEE /* NotificareWebView.h in Headers */,
				40AFA3D61B7A98B800ACDFEE /* NotificareReachability.h in Headers */,
				40AFA4091B7A98B800ACDFEE /* NotificationDelegate.h in Headers */,
				40AFA3C81B7A98B800ACDFEE /* NotificareCallback.h in Headers */,
				40AFA4051B7A98B800ACDFEE /* NotificareImage.h in Headers */,
				40AFA4101B7A98B800ACDFEE /* NotificareInboxViewController.h in Headers */,
				40AFA4141B7A98B800ACDFEE /* NotificareVideo.h in Headers */,
				40AFA3D51B7A98B800ACDFEE /* NotificareMKNetworkOperation.h in Headers */,
				40AFA3F01B7A98B800ACDFEE /* NotificareContent.h in Headers */,
				40AFA3FC1B7A98B800ACDFEE /* NSDate+TimeAgo.h in Headers */,
				40AFA4061B7A98B800ACDFEE /* NotificareInbox.h in Headers */,
				40AFA4011B7A98B800ACDFEE /* UIImage+FromBundle.h in Headers */,
				40AFA3FE1B7A98B800ACDFEE /* NSString+FromBundle.h in Headers */,
				40AFA3D31B7A98B800ACDFEE /* NotificareMKNetworkEngine.h in Headers */,
				40AFA3E71B7A98B800ACDFEE /* NSString+NotificareNXOAuth2.h in Headers */,
				40AFA3F71B7A98B800ACDFEE /* Notificare.h in Headers */,
				40AFA4081B7A98B800ACDFEE /* NotificareMap.h in Headers */,
				40AFA3D01B7A98B800ACDFEE /* NSString+NotificareMKNetworkKitAdditions.h in Headers */,
				40AFA3D11B7A98B800ACDFEE /* UIAlertView+NotificareMKNetworkKitAdditions.h in Headers */,
				40AFA3E41B7A98B800ACDFEE /* NotificareNXOAuth2Request.h in Headers */,
				40AFA3DC1B7A98B800ACDFEE /* NotificareNXOAuth2Client.h in Headers */,
				40AFA3F21B7A98B800ACDFEE /* NotificareNotification.h in Headers */,
				40AFA40E1B7A98B800ACDFEE /* NotificareBeaconsViewController.h in Headers */,
				40AFA3EA1B7A98B800ACDFEE /* NotificareSocketRocket-Prefix.pch in Headers */,
				40AFA3EE1B7A98B800ACDFEE /* NotificareAttachment.h in Headers */,
				40AFA4071B7A98B800ACDFEE /* NotificareLocation.h in Headers */,
				40AFA4131B7A98B800ACDFEE /* NotificareUserViewController.h in Headers */,
				40AFA40F1B7A98B800ACDFEE /* NotificareDeviceViewController.h in Headers */,
				40AFA3DD1B7A98B800ACDFEE /* NotificareNXOAuth2ClientDelegate.h in Headers */,
				40AFA4041B7A98B800ACDFEE /* NotificareForm.h in Headers */,
				40AFA3CD1B7A98B800ACDFEE /* NSData+NotificareMKBase64.h in Headers */,
				40AFA3D41B7A98B800ACDFEE /* NotificareMKNetworkKit.h in Headers */,
				40AFA3F31B7A98B800ACDFEE /* NotificareProduct.h in Headers */,
				40AFA3EC1B7A98B800ACDFEE /* NSData+NotificareSRB64Additions.h in Headers */,
				40AFA3D21B7A98B800ACDFEE /* UIImageView+NotificareMKNetworkKitAdditions.h in Headers */,
				40AFA3E21B7A98B800ACDFEE /* NotificareNXOAuth2PostBodyPart.h in Headers */,
				40AFA3F11B7A98B800ACDFEE /* NotificareDevice.h in Headers */,
				40AFA3EF1B7A98B800ACDFEE /* NotificareBeacon.h in Headers */,
				40AFA3F51B7A98B800ACDFEE /* NotificareUser.h in Headers */,
				40AFA3DB1B7A98B800ACDFEE /* NotificareNXOAuth2AccountStore.h in Headers */,
				40AFA3FD1B7A98B800ACDFEE /* NSDictionary+FromPlist.h in Headers */,
				40AFA3CC1B7A98B800ACDFEE /* NotificareTelephone.h in Headers */,
				40AFA3DE1B7A98B800ACDFEE /* NotificareNXOAuth2Connection.h in Headers */,
				40AFA3FB1B7A98B800ACDFEE /* NSData+Hex.h in Headers */,
				40AFA3EB1B7A98B800ACDFEE /* NotificareSRWebSocket.h in Headers */,
				40AFA40C1B7A98B800ACDFEE /* NotificareRate.h in Headers */,
				40AFA3C61B7A98B800ACDFEE /* NotificareApp.h in Headers */,
				40AFA3FA1B7A98B800ACDFEE /* NotificarePushLib.h in Headers */,
				40AFA3E01B7A98B800ACDFEE /* NotificareNXOAuth2Constants.h in Headers */,
				40AFA3D81B7A98B800ACDFEE /* NotificareNXOAuth2AccessToken.h in Headers */,
				40AFA3F91B7A98B800ACDFEE /* NotificareEngine.h in Headers */,
				24DD6CF91134B3F500162E58 /* TiNotificareModule.h in Headers */,
				40AFA3E11B7A98B800ACDFEE /* NotificareNXOAuth2FileStreamWrapper.h in Headers */,
				24DE9E1111C5FE74003F90F6 /* TiNotificareModuleAssets.h in Headers */,
				40AFA3D91B7A98B800ACDFEE /* NotificareNXOAuth2Account+Private.h in Headers */,
				40AFA3C71B7A98B800ACDFEE /* NotificareBrowser.h in Headers */,
				40AFA3F41B7A98B800ACDFEE /* NotificareSegment.h in Headers */,
				40AFA4121B7A98B800ACDFEE /* NotificareUserPreferences.h in Headers */,
				40AFA40D1B7A98B800ACDFEE /* NotificareURL.h in Headers */,
				40AFA4021B7A98B800ACDFEE /* NotificareAlert.h in Headers */,
				40AFA3E91B7A98B800ACDFEE /* base64.h in Headers */,
				40AFA3E31B7A98B800ACDFEE /* NotificareNXOAuth2PostBodyStream.h in Headers */,
				40AFA40A1B7A98B800ACDFEE /* NotificationType.h in Headers */,
				40AFA3F61B7A98B800ACDFEE /* NotificareUserPreference.h in Headers */,
				40AFA3F81B7A98B800ACDFEE /* NotificareActions.h in Headers */,
				40AFA3C51B7A98B800ACDFEE /* ActionType.h in Headers */,
				40AFA3E51B7A98B800ACDFEE /* NotificareNXOAuth2TrustDelegate.h in Headers */,
				40AFA3C41B7A98B800ACDFEE /* ActionDelegate.h in Headers */,
				40AFA4001B7A98B800ACDFEE /* SKProduct+priceAsString.h in Headers */,
				40AFA3ED1B7A98B800ACDFEE /* NotificareAction.h in Headers */,
				40AFA3CB1B7A98B800ACDFEE /* NotificareSMS.h in Headers */,
				40AFA40B1B7A98B800ACDFEE /* NotificarePassbook.h in Headers */,
				40AFA4031B7A98B800ACDFEE /* NotificareBeacons.h in Headers */,
			);
			runOnlyForDeploymentPostprocessing = 0;
		};
/* End PBXHeadersBuildPhase section */

/* Begin PBXNativeTarget section */
		D2AAC07D0554694100DB518D /* notificare-titanium-ios */ = {
			isa = PBXNativeTarget;
			buildConfigurationList = 1DEB921E08733DC00010E9CD /* Build configuration list for PBXNativeTarget "notificare-titanium-ios" */;
			buildPhases = (
				D2AAC07A0554694100DB518D /* Headers */,
				D2AAC07B0554694100DB518D /* Sources */,
				D2AAC07C0554694100DB518D /* Frameworks */,
			);
			buildRules = (
			);
			dependencies = (
			);
			name = "notificare-titanium-ios";
			productName = "notificare-titanium-ios";
			productReference = D2AAC07E0554694100DB518D /* libTiNotificare.a */;
			productType = "com.apple.product-type.library.static";
		};
/* End PBXNativeTarget section */

/* Begin PBXProject section */
		0867D690FE84028FC02AAC07 /* Project object */ = {
			isa = PBXProject;
			attributes = {
				LastUpgradeCheck = 0600;
			};
			buildConfigurationList = 1DEB922208733DC00010E9CD /* Build configuration list for PBXProject "notificare-titanium-ios" */;
			compatibilityVersion = "Xcode 3.2";
			developmentRegion = English;
			hasScannedForEncodings = 1;
			knownRegions = (
				English,
				Japanese,
				French,
				German,
			);
			mainGroup = 0867D691FE84028FC02AAC07 /* notificare-titanium-ios */;
			productRefGroup = 034768DFFF38A50411DB9C8B /* Products */;
			projectDirPath = "";
			projectRoot = "";
			targets = (
				D2AAC07D0554694100DB518D /* notificare-titanium-ios */,
				24416B8111C4CA220047AFDD /* Build & Test */,
			);
		};
/* End PBXProject section */

/* Begin PBXShellScriptBuildPhase section */
		24416B8011C4CA220047AFDD /* ShellScript */ = {
			isa = PBXShellScriptBuildPhase;
			buildActionMask = 2147483647;
			files = (
			);
			inputPaths = (
			);
			outputPaths = (
			);
			runOnlyForDeploymentPostprocessing = 0;
			shellPath = /bin/sh;
			shellScript = "# shell script goes here\n\npython \"${TITANIUM_SDK}/titanium.py\" run --dir=\"${PROJECT_DIR}\"\nexit $?\n";
		};
/* End PBXShellScriptBuildPhase section */

/* Begin PBXSourcesBuildPhase section */
		D2AAC07B0554694100DB518D /* Sources */ = {
			isa = PBXSourcesBuildPhase;
			buildActionMask = 2147483647;
			files = (
				24DD6CFA1134B3F500162E58 /* TiNotificareModule.m in Sources */,
				24DE9E1211C5FE74003F90F6 /* TiNotificareModuleAssets.m in Sources */,
			);
			runOnlyForDeploymentPostprocessing = 0;
		};
/* End PBXSourcesBuildPhase section */

/* Begin PBXTargetDependency section */
		24416B8511C4CA280047AFDD /* PBXTargetDependency */ = {
			isa = PBXTargetDependency;
			target = D2AAC07D0554694100DB518D /* notificare-titanium-ios */;
			targetProxy = 24416B8411C4CA280047AFDD /* PBXContainerItemProxy */;
		};
/* End PBXTargetDependency section */

/* Begin XCBuildConfiguration section */
		1DEB921F08733DC00010E9CD /* Debug */ = {
			isa = XCBuildConfiguration;
			baseConfigurationReference = 24DD6D1B1134B66800162E58 /* titanium.xcconfig */;
			buildSettings = {
				CODE_SIGN_IDENTITY = "iPhone Developer";
				"CODE_SIGN_IDENTITY[sdk=iphoneos*]" = "iPhone Developer";
				DSTROOT = /tmp/TiNotificare.dst;
				GCC_C_LANGUAGE_STANDARD = c99;
				GCC_OPTIMIZATION_LEVEL = 0;
				GCC_PRECOMPILE_PREFIX_HEADER = YES;
				GCC_PREFIX_HEADER = TiNotificare_Prefix.pch;
				GCC_PREPROCESSOR_DEFINITIONS = "TI_VERSION=$(TI_VERSION)";
				GCC_TREAT_WARNINGS_AS_ERRORS = NO;
				GCC_VERSION = "";
				GCC_WARN_ABOUT_RETURN_TYPE = NO;
				GCC_WARN_MISSING_PARENTHESES = NO;
				GCC_WARN_SHADOW = NO;
				GCC_WARN_STRICT_SELECTOR_MATCH = NO;
				GCC_WARN_UNUSED_FUNCTION = YES;
				GCC_WARN_UNUSED_PARAMETER = NO;
				GCC_WARN_UNUSED_VALUE = NO;
				GCC_WARN_UNUSED_VARIABLE = NO;
				INSTALL_PATH = /usr/local/lib;
				IPHONEOS_DEPLOYMENT_TARGET = 6.0;
				LIBRARY_SEARCH_PATHS = "$(PROJECT_DIR)/notificare-push-lib-1.5.8";
				OTHER_CFLAGS = (
					"-DDEBUG",
					"-DTI_POST_1_2",
				);
				OTHER_LDFLAGS = "-ObjC";
				PRODUCT_NAME = TiNotificare;
				PROVISIONING_PROFILE = "";
				"PROVISIONING_PROFILE[sdk=iphoneos*]" = "";
				RUN_CLANG_STATIC_ANALYZER = NO;
				SDKROOT = iphoneos;
				USER_HEADER_SEARCH_PATHS = "";
			};
			name = Debug;
		};
		1DEB922008733DC00010E9CD /* Release */ = {
			isa = XCBuildConfiguration;
			baseConfigurationReference = 24DD6D1B1134B66800162E58 /* titanium.xcconfig */;
			buildSettings = {
				ALWAYS_SEARCH_USER_PATHS = NO;
				DSTROOT = /tmp/TiNotificare.dst;
				GCC_C_LANGUAGE_STANDARD = c99;
				GCC_MODEL_TUNING = G5;
				GCC_PRECOMPILE_PREFIX_HEADER = YES;
				GCC_PREFIX_HEADER = TiNotificare_Prefix.pch;
				GCC_PREPROCESSOR_DEFINITIONS = "TI_VERSION=$(TI_VERSION)";
				GCC_TREAT_WARNINGS_AS_ERRORS = NO;
				GCC_VERSION = "";
				GCC_WARN_ABOUT_RETURN_TYPE = NO;
				GCC_WARN_MISSING_PARENTHESES = NO;
				GCC_WARN_SHADOW = NO;
				GCC_WARN_STRICT_SELECTOR_MATCH = NO;
				GCC_WARN_UNUSED_FUNCTION = YES;
				GCC_WARN_UNUSED_PARAMETER = NO;
				GCC_WARN_UNUSED_VALUE = NO;
				GCC_WARN_UNUSED_VARIABLE = NO;
				INSTALL_PATH = /usr/local/lib;
				IPHONEOS_DEPLOYMENT_TARGET = 6.0;
				LIBRARY_SEARCH_PATHS = "$(PROJECT_DIR)/notificare-push-lib-1.5.8";
				OTHER_CFLAGS = "-DTI_POST_1_2";
				OTHER_LDFLAGS = "-ObjC";
				PRODUCT_NAME = TiNotificare;
				RUN_CLANG_STATIC_ANALYZER = NO;
				SDKROOT = iphoneos;
				USER_HEADER_SEARCH_PATHS = "";
			};
			name = Release;
		};
		1DEB922308733DC00010E9CD /* Debug */ = {
			isa = XCBuildConfiguration;
			baseConfigurationReference = 24DD6D1B1134B66800162E58 /* titanium.xcconfig */;
			buildSettings = {
				CLANG_CXX_LIBRARY = "libstdc++";
				CODE_SIGN_IDENTITY = "iPhone Developer";
				"CODE_SIGN_IDENTITY[sdk=iphoneos*]" = "iPhone Developer";
				DSTROOT = /tmp/TiNotificare.dst;
				GCC_C_LANGUAGE_STANDARD = c99;
				GCC_OPTIMIZATION_LEVEL = 0;
				GCC_PRECOMPILE_PREFIX_HEADER = YES;
				GCC_PREFIX_HEADER = TiNotificare_Prefix.pch;
				GCC_PREPROCESSOR_DEFINITIONS = "TI_VERSION=$(TI_VERSION)";
				GCC_TREAT_WARNINGS_AS_ERRORS = NO;
				GCC_VERSION = "";
				GCC_WARN_ABOUT_RETURN_TYPE = NO;
				GCC_WARN_MISSING_PARENTHESES = NO;
				GCC_WARN_SHADOW = NO;
				GCC_WARN_STRICT_SELECTOR_MATCH = NO;
				GCC_WARN_UNUSED_FUNCTION = YES;
				GCC_WARN_UNUSED_PARAMETER = NO;
				GCC_WARN_UNUSED_VALUE = NO;
				GCC_WARN_UNUSED_VARIABLE = NO;
				INSTALL_PATH = /usr/local/lib;
				ONLY_ACTIVE_ARCH = YES;
				OTHER_CFLAGS = (
					"-DDEBUG",
					"-DTI_POST_1_2",
				);
				OTHER_LDFLAGS = "-ObjC";
				PRODUCT_NAME = TiNotificare;
				PROVISIONING_PROFILE = "";
				"PROVISIONING_PROFILE[sdk=iphoneos*]" = "";
				RUN_CLANG_STATIC_ANALYZER = NO;
				SDKROOT = iphoneos;
				USER_HEADER_SEARCH_PATHS = "";
			};
			name = Debug;
		};
		1DEB922408733DC00010E9CD /* Release */ = {
			isa = XCBuildConfiguration;
			baseConfigurationReference = 24DD6D1B1134B66800162E58 /* titanium.xcconfig */;
			buildSettings = {
				ALWAYS_SEARCH_USER_PATHS = NO;
				CLANG_CXX_LIBRARY = "libstdc++";
				DSTROOT = /tmp/TiNotificare.dst;
				GCC_C_LANGUAGE_STANDARD = c99;
				GCC_MODEL_TUNING = G5;
				GCC_PRECOMPILE_PREFIX_HEADER = YES;
				GCC_PREFIX_HEADER = TiNotificare_Prefix.pch;
				GCC_PREPROCESSOR_DEFINITIONS = "TI_VERSION=$(TI_VERSION)";
				GCC_TREAT_WARNINGS_AS_ERRORS = NO;
				GCC_VERSION = "";
				GCC_WARN_ABOUT_RETURN_TYPE = NO;
				GCC_WARN_MISSING_PARENTHESES = NO;
				GCC_WARN_SHADOW = NO;
				GCC_WARN_STRICT_SELECTOR_MATCH = NO;
				GCC_WARN_UNUSED_FUNCTION = YES;
				GCC_WARN_UNUSED_PARAMETER = NO;
				GCC_WARN_UNUSED_VALUE = NO;
				GCC_WARN_UNUSED_VARIABLE = NO;
				INSTALL_PATH = /usr/local/lib;
				IPHONEOS_DEPLOYMENT_TARGET = 6.0;
				OTHER_CFLAGS = "-DTI_POST_1_2";
				OTHER_LDFLAGS = "-ObjC";
				PRODUCT_NAME = TiNotificare;
				RUN_CLANG_STATIC_ANALYZER = NO;
				SDKROOT = iphoneos;
				USER_HEADER_SEARCH_PATHS = "";
			};
			name = Release;
		};
		24416B8211C4CA220047AFDD /* Debug */ = {
			isa = XCBuildConfiguration;
			baseConfigurationReference = 24DD6D1B1134B66800162E58 /* titanium.xcconfig */;
			buildSettings = {
				COPY_PHASE_STRIP = NO;
				GCC_DYNAMIC_NO_PIC = NO;
				GCC_OPTIMIZATION_LEVEL = 0;
				PRODUCT_NAME = "Build & test";
			};
			name = Debug;
		};
		24416B8311C4CA220047AFDD /* Release */ = {
			isa = XCBuildConfiguration;
			baseConfigurationReference = 24DD6D1B1134B66800162E58 /* titanium.xcconfig */;
			buildSettings = {
				COPY_PHASE_STRIP = YES;
				DEBUG_INFORMATION_FORMAT = "dwarf-with-dsym";
				GCC_ENABLE_FIX_AND_CONTINUE = NO;
				PRODUCT_NAME = "Build & test";
				ZERO_LINK = NO;
			};
			name = Release;
		};
/* End XCBuildConfiguration section */

/* Begin XCConfigurationList section */
		1DEB921E08733DC00010E9CD /* Build configuration list for PBXNativeTarget "notificare-titanium-ios" */ = {
			isa = XCConfigurationList;
			buildConfigurations = (
				1DEB921F08733DC00010E9CD /* Debug */,
				1DEB922008733DC00010E9CD /* Release */,
			);
			defaultConfigurationIsVisible = 0;
			defaultConfigurationName = Release;
		};
		1DEB922208733DC00010E9CD /* Build configuration list for PBXProject "notificare-titanium-ios" */ = {
			isa = XCConfigurationList;
			buildConfigurations = (
				1DEB922308733DC00010E9CD /* Debug */,
				1DEB922408733DC00010E9CD /* Release */,
			);
			defaultConfigurationIsVisible = 0;
			defaultConfigurationName = Release;
		};
		24416B8A11C4CA520047AFDD /* Build configuration list for PBXAggregateTarget "Build & Test" */ = {
			isa = XCConfigurationList;
			buildConfigurations = (
				24416B8211C4CA220047AFDD /* Debug */,
				24416B8311C4CA220047AFDD /* Release */,
			);
			defaultConfigurationIsVisible = 0;
			defaultConfigurationName = Release;
		};
/* End XCConfigurationList section */
	};
	rootObject = 0867D690FE84028FC02AAC07 /* Project object */;
}
