// !$*UTF8*$!
{
	archiveVersion = 1;
	classes = {
	};
	objectVersion = 46;
	objects = {

/* Begin PBXAggregateTarget section */
		24416B8111C4CA220047AFDD /* Build & Test */ = {
			isa = PBXAggregateTarget;
			buildConfigurationList = 24416B8A11C4CA520047AFDD /* Build configuration list for PBXAggregateTarget "Build & Test" */;
			buildPhases = (
				24416B8011C4CA220047AFDD /* ShellScript */,
			);
			dependencies = (
				24416B8511C4CA280047AFDD /* PBXTargetDependency */,
			);
			name = "Build & Test";
			productName = "Build & test";
		};
/* End PBXAggregateTarget section */

/* Begin PBXBuildFile section */
		24DD6CF91134B3F500162E58 /* TiNotificareModule.h in Headers */ = {isa = PBXBuildFile; fileRef = 24DD6CF71134B3F500162E58 /* TiNotificareModule.h */; };
		24DD6CFA1134B3F500162E58 /* TiNotificareModule.m in Sources */ = {isa = PBXBuildFile; fileRef = 24DD6CF81134B3F500162E58 /* TiNotificareModule.m */; };
		24DE9E1111C5FE74003F90F6 /* TiNotificareModuleAssets.h in Headers */ = {isa = PBXBuildFile; fileRef = 24DE9E0F11C5FE74003F90F6 /* TiNotificareModuleAssets.h */; };
		24DE9E1211C5FE74003F90F6 /* TiNotificareModuleAssets.m in Sources */ = {isa = PBXBuildFile; fileRef = 24DE9E1011C5FE74003F90F6 /* TiNotificareModuleAssets.m */; };
		5DA851B11C69F78500194E3D /* libNotificarePushLib.a in Frameworks */ = {isa = PBXBuildFile; fileRef = 5DA8513E1C69F78500194E3D /* libNotificarePushLib.a */; };
		5DA851B21C69F78500194E3D /* ActionDelegate.h in Headers */ = {isa = PBXBuildFile; fileRef = 5DA851421C69F78500194E3D /* ActionDelegate.h */; };
		5DA851B31C69F78500194E3D /* ActionType.h in Headers */ = {isa = PBXBuildFile; fileRef = 5DA851431C69F78500194E3D /* ActionType.h */; };
		5DA851B41C69F78500194E3D /* NotificareApp.h in Headers */ = {isa = PBXBuildFile; fileRef = 5DA851451C69F78500194E3D /* NotificareApp.h */; };
		5DA851B51C69F78500194E3D /* NotificareBrowser.h in Headers */ = {isa = PBXBuildFile; fileRef = 5DA851471C69F78500194E3D /* NotificareBrowser.h */; };
		5DA851B61C69F78500194E3D /* NotificareCallback.h in Headers */ = {isa = PBXBuildFile; fileRef = 5DA851491C69F78500194E3D /* NotificareCallback.h */; };
		5DA851B71C69F78500194E3D /* NotificareCustom.h in Headers */ = {isa = PBXBuildFile; fileRef = 5DA8514B1C69F78500194E3D /* NotificareCustom.h */; };
		5DA851B81C69F78600194E3D /* NotificareMail.h in Headers */ = {isa = PBXBuildFile; fileRef = 5DA8514D1C69F78500194E3D /* NotificareMail.h */; };
		5DA851B91C69F78600194E3D /* NotificareSMS.h in Headers */ = {isa = PBXBuildFile; fileRef = 5DA8514F1C69F78500194E3D /* NotificareSMS.h */; };
		5DA851BA1C69F78600194E3D /* NotificareTelephone.h in Headers */ = {isa = PBXBuildFile; fileRef = 5DA851511C69F78500194E3D /* NotificareTelephone.h */; };
		5DA851BB1C69F78600194E3D /* NSData+NotificareMKBase64.h in Headers */ = {isa = PBXBuildFile; fileRef = 5DA851551C69F78500194E3D /* NSData+NotificareMKBase64.h */; };
		5DA851BC1C69F78600194E3D /* NSDate+NotificareRFC1123.h in Headers */ = {isa = PBXBuildFile; fileRef = 5DA851561C69F78500194E3D /* NSDate+NotificareRFC1123.h */; };
		5DA851BD1C69F78600194E3D /* NSDictionary+NotificareRequestEncoding.h in Headers */ = {isa = PBXBuildFile; fileRef = 5DA851571C69F78500194E3D /* NSDictionary+NotificareRequestEncoding.h */; };
		5DA851BE1C69F78600194E3D /* NSString+NotificareMKNetworkKitAdditions.h in Headers */ = {isa = PBXBuildFile; fileRef = 5DA851581C69F78500194E3D /* NSString+NotificareMKNetworkKitAdditions.h */; };
		5DA851BF1C69F78600194E3D /* UIAlertView+NotificareMKNetworkKitAdditions.h in Headers */ = {isa = PBXBuildFile; fileRef = 5DA851591C69F78500194E3D /* UIAlertView+NotificareMKNetworkKitAdditions.h */; };
		5DA851C01C69F78600194E3D /* UIImageView+NotificareMKNetworkKitAdditions.h in Headers */ = {isa = PBXBuildFile; fileRef = 5DA8515A1C69F78500194E3D /* UIImageView+NotificareMKNetworkKitAdditions.h */; };
		5DA851C11C69F78600194E3D /* NotificareMKNetworkEngine.h in Headers */ = {isa = PBXBuildFile; fileRef = 5DA8515B1C69F78500194E3D /* NotificareMKNetworkEngine.h */; };
		5DA851C21C69F78600194E3D /* NotificareMKNetworkKit.h in Headers */ = {isa = PBXBuildFile; fileRef = 5DA8515C1C69F78500194E3D /* NotificareMKNetworkKit.h */; };
		5DA851C31C69F78600194E3D /* NotificareMKNetworkOperation.h in Headers */ = {isa = PBXBuildFile; fileRef = 5DA8515D1C69F78500194E3D /* NotificareMKNetworkOperation.h */; };
		5DA851C41C69F78600194E3D /* NotificareReachability.h in Headers */ = {isa = PBXBuildFile; fileRef = 5DA8515F1C69F78500194E3D /* NotificareReachability.h */; };
		5DA851C51C69F78600194E3D /* NotificareNXOAuth2.h in Headers */ = {isa = PBXBuildFile; fileRef = 5DA851611C69F78500194E3D /* NotificareNXOAuth2.h */; };
		5DA851C61C69F78600194E3D /* NotificareNXOAuth2AccessToken.h in Headers */ = {isa = PBXBuildFile; fileRef = 5DA851621C69F78500194E3D /* NotificareNXOAuth2AccessToken.h */; };
		5DA851C71C69F78600194E3D /* NotificareNXOAuth2Account+Private.h in Headers */ = {isa = PBXBuildFile; fileRef = 5DA851631C69F78500194E3D /* NotificareNXOAuth2Account+Private.h */; };
		5DA851C81C69F78600194E3D /* NotificareNXOAuth2Account.h in Headers */ = {isa = PBXBuildFile; fileRef = 5DA851641C69F78500194E3D /* NotificareNXOAuth2Account.h */; };
		5DA851C91C69F78600194E3D /* NotificareNXOAuth2AccountStore.h in Headers */ = {isa = PBXBuildFile; fileRef = 5DA851651C69F78500194E3D /* NotificareNXOAuth2AccountStore.h */; };
		5DA851CA1C69F78600194E3D /* NotificareNXOAuth2Client.h in Headers */ = {isa = PBXBuildFile; fileRef = 5DA851661C69F78500194E3D /* NotificareNXOAuth2Client.h */; };
		5DA851CB1C69F78600194E3D /* NotificareNXOAuth2ClientDelegate.h in Headers */ = {isa = PBXBuildFile; fileRef = 5DA851671C69F78500194E3D /* NotificareNXOAuth2ClientDelegate.h */; };
		5DA851CC1C69F78600194E3D /* NotificareNXOAuth2Connection.h in Headers */ = {isa = PBXBuildFile; fileRef = 5DA851681C69F78500194E3D /* NotificareNXOAuth2Connection.h */; };
		5DA851CD1C69F78600194E3D /* NotificareNXOAuth2ConnectionDelegate.h in Headers */ = {isa = PBXBuildFile; fileRef = 5DA851691C69F78500194E3D /* NotificareNXOAuth2ConnectionDelegate.h */; };
		5DA851CE1C69F78600194E3D /* NotificareNXOAuth2Constants.h in Headers */ = {isa = PBXBuildFile; fileRef = 5DA8516A1C69F78500194E3D /* NotificareNXOAuth2Constants.h */; };
		5DA851CF1C69F78600194E3D /* NotificareNXOAuth2FileStreamWrapper.h in Headers */ = {isa = PBXBuildFile; fileRef = 5DA8516B1C69F78500194E3D /* NotificareNXOAuth2FileStreamWrapper.h */; };
		5DA851D01C69F78600194E3D /* NotificareNXOAuth2PostBodyPart.h in Headers */ = {isa = PBXBuildFile; fileRef = 5DA8516C1C69F78500194E3D /* NotificareNXOAuth2PostBodyPart.h */; };
		5DA851D11C69F78600194E3D /* NotificareNXOAuth2PostBodyStream.h in Headers */ = {isa = PBXBuildFile; fileRef = 5DA8516D1C69F78500194E3D /* NotificareNXOAuth2PostBodyStream.h */; };
		5DA851D21C69F78600194E3D /* NotificareNXOAuth2Request.h in Headers */ = {isa = PBXBuildFile; fileRef = 5DA8516E1C69F78500194E3D /* NotificareNXOAuth2Request.h */; };
		5DA851D31C69F78600194E3D /* NotificareNXOAuth2TrustDelegate.h in Headers */ = {isa = PBXBuildFile; fileRef = 5DA8516F1C69F78500194E3D /* NotificareNXOAuth2TrustDelegate.h */; };
		5DA851D41C69F78600194E3D /* NSData+NotificareNXOAuth2.h in Headers */ = {isa = PBXBuildFile; fileRef = 5DA851701C69F78500194E3D /* NSData+NotificareNXOAuth2.h */; };
		5DA851D51C69F78600194E3D /* NSString+NotificareNXOAuth2.h in Headers */ = {isa = PBXBuildFile; fileRef = 5DA851711C69F78500194E3D /* NSString+NotificareNXOAuth2.h */; };
		5DA851D61C69F78600194E3D /* NSURL+NotificareNXOAuth2.h in Headers */ = {isa = PBXBuildFile; fileRef = 5DA851721C69F78500194E3D /* NSURL+NotificareNXOAuth2.h */; };
		5DA851D71C69F78600194E3D /* base64.h in Headers */ = {isa = PBXBuildFile; fileRef = 5DA851741C69F78500194E3D /* base64.h */; };
		5DA851D81C69F78600194E3D /* NotificareSocketRocket-Prefix.pch in Headers */ = {isa = PBXBuildFile; fileRef = 5DA851751C69F78500194E3D /* NotificareSocketRocket-Prefix.pch */; };
		5DA851D91C69F78600194E3D /* NotificareSRWebSocket.h in Headers */ = {isa = PBXBuildFile; fileRef = 5DA851761C69F78500194E3D /* NotificareSRWebSocket.h */; };
		5DA851DA1C69F78600194E3D /* NSData+NotificareSRB64Additions.h in Headers */ = {isa = PBXBuildFile; fileRef = 5DA851771C69F78500194E3D /* NSData+NotificareSRB64Additions.h */; };
		5DA851DB1C69F78600194E3D /* NotificareAction.h in Headers */ = {isa = PBXBuildFile; fileRef = 5DA851791C69F78500194E3D /* NotificareAction.h */; };
		5DA851DC1C69F78600194E3D /* NotificareAttachment.h in Headers */ = {isa = PBXBuildFile; fileRef = 5DA8517A1C69F78500194E3D /* NotificareAttachment.h */; };
		5DA851DD1C69F78600194E3D /* NotificareBeacon.h in Headers */ = {isa = PBXBuildFile; fileRef = 5DA8517B1C69F78500194E3D /* NotificareBeacon.h */; };
		5DA851DE1C69F78600194E3D /* NotificareContent.h in Headers */ = {isa = PBXBuildFile; fileRef = 5DA8517C1C69F78500194E3D /* NotificareContent.h */; };
		5DA851DF1C69F78600194E3D /* NotificareDevice.h in Headers */ = {isa = PBXBuildFile; fileRef = 5DA8517D1C69F78500194E3D /* NotificareDevice.h */; };
		5DA851E01C69F78600194E3D /* NotificareDeviceInbox.h in Headers */ = {isa = PBXBuildFile; fileRef = 5DA8517E1C69F78500194E3D /* NotificareDeviceInbox.h */; };
		5DA851E11C69F78600194E3D /* NotificareNotification.h in Headers */ = {isa = PBXBuildFile; fileRef = 5DA8517F1C69F78500194E3D /* NotificareNotification.h */; };
		5DA851E21C69F78600194E3D /* NotificareProduct.h in Headers */ = {isa = PBXBuildFile; fileRef = 5DA851801C69F78500194E3D /* NotificareProduct.h */; };
		5DA851E31C69F78600194E3D /* NotificareSegment.h in Headers */ = {isa = PBXBuildFile; fileRef = 5DA851811C69F78500194E3D /* NotificareSegment.h */; };
		5DA851E41C69F78600194E3D /* NotificareUser.h in Headers */ = {isa = PBXBuildFile; fileRef = 5DA851821C69F78500194E3D /* NotificareUser.h */; };
		5DA851E51C69F78600194E3D /* NotificareUserPreference.h in Headers */ = {isa = PBXBuildFile; fileRef = 5DA851831C69F78500194E3D /* NotificareUserPreference.h */; };
		5DA851E61C69F78600194E3D /* Notificare.h in Headers */ = {isa = PBXBuildFile; fileRef = 5DA851841C69F78500194E3D /* Notificare.h */; };
		5DA851E71C69F78600194E3D /* NotificareActions.h in Headers */ = {isa = PBXBuildFile; fileRef = 5DA851851C69F78500194E3D /* NotificareActions.h */; };
		5DA851E81C69F78600194E3D /* NotificareEngine.h in Headers */ = {isa = PBXBuildFile; fileRef = 5DA851861C69F78500194E3D /* NotificareEngine.h */; };
		5DA851E91C69F78600194E3D /* NotificarePushLib.h in Headers */ = {isa = PBXBuildFile; fileRef = 5DA851871C69F78500194E3D /* NotificarePushLib.h */; };
		5DA851EA1C69F78600194E3D /* NSData+Hex.h in Headers */ = {isa = PBXBuildFile; fileRef = 5DA851891C69F78500194E3D /* NSData+Hex.h */; };
		5DA851EB1C69F78600194E3D /* NSDate+TimeAgo.h in Headers */ = {isa = PBXBuildFile; fileRef = 5DA8518A1C69F78500194E3D /* NSDate+TimeAgo.h */; };
		5DA851EC1C69F78600194E3D /* NSDictionary+FromPlist.h in Headers */ = {isa = PBXBuildFile; fileRef = 5DA8518B1C69F78500194E3D /* NSDictionary+FromPlist.h */; };
		5DA851ED1C69F78600194E3D /* NSString+FromBundle.h in Headers */ = {isa = PBXBuildFile; fileRef = 5DA8518C1C69F78500194E3D /* NSString+FromBundle.h */; };
		5DA851EE1C69F78600194E3D /* NSString+Utils.h in Headers */ = {isa = PBXBuildFile; fileRef = 5DA8518D1C69F78500194E3D /* NSString+Utils.h */; };
		5DA851EF1C69F78600194E3D /* SKProduct+priceAsString.h in Headers */ = {isa = PBXBuildFile; fileRef = 5DA8518E1C69F78500194E3D /* SKProduct+priceAsString.h */; };
		5DA851F01C69F78600194E3D /* UIImage+FromBundle.h in Headers */ = {isa = PBXBuildFile; fileRef = 5DA8518F1C69F78500194E3D /* UIImage+FromBundle.h */; };
		5DA851F11C69F78600194E3D /* NotificareAlert.h in Headers */ = {isa = PBXBuildFile; fileRef = 5DA851921C69F78500194E3D /* NotificareAlert.h */; };
		5DA851F21C69F78600194E3D /* NotificareBeacons.h in Headers */ = {isa = PBXBuildFile; fileRef = 5DA851941C69F78500194E3D /* NotificareBeacons.h */; };
		5DA851F31C69F78600194E3D /* NotificareForm.h in Headers */ = {isa = PBXBuildFile; fileRef = 5DA851961C69F78500194E3D /* NotificareForm.h */; };
		5DA851F41C69F78600194E3D /* NotificareImage.h in Headers */ = {isa = PBXBuildFile; fileRef = 5DA851981C69F78500194E3D /* NotificareImage.h */; };
		5DA851F51C69F78600194E3D /* NotificareInbox.h in Headers */ = {isa = PBXBuildFile; fileRef = 5DA8519A1C69F78500194E3D /* NotificareInbox.h */; };
		5DA851F61C69F78600194E3D /* NotificareLocation.h in Headers */ = {isa = PBXBuildFile; fileRef = 5DA8519C1C69F78500194E3D /* NotificareLocation.h */; };
		5DA851F71C69F78600194E3D /* NotificareMap.h in Headers */ = {isa = PBXBuildFile; fileRef = 5DA8519D1C69F78500194E3D /* NotificareMap.h */; };
		5DA851F81C69F78600194E3D /* NotificationDelegate.h in Headers */ = {isa = PBXBuildFile; fileRef = 5DA8519E1C69F78500194E3D /* NotificationDelegate.h */; };
		5DA851F91C69F78600194E3D /* NotificationType.h in Headers */ = {isa = PBXBuildFile; fileRef = 5DA8519F1C69F78500194E3D /* NotificationType.h */; };
		5DA851FA1C69F78600194E3D /* NotificarePassbook.h in Headers */ = {isa = PBXBuildFile; fileRef = 5DA851A11C69F78500194E3D /* NotificarePassbook.h */; };
		5DA851FB1C69F78600194E3D /* NotificareRate.h in Headers */ = {isa = PBXBuildFile; fileRef = 5DA851A31C69F78500194E3D /* NotificareRate.h */; };
		5DA851FC1C69F78600194E3D /* NotificareURL.h in Headers */ = {isa = PBXBuildFile; fileRef = 5DA851A51C69F78500194E3D /* NotificareURL.h */; };
		5DA851FD1C69F78600194E3D /* NotificareBeaconsViewController.h in Headers */ = {isa = PBXBuildFile; fileRef = 5DA851A71C69F78500194E3D /* NotificareBeaconsViewController.h */; };
		5DA851FE1C69F78600194E3D /* NotificareDeviceViewController.h in Headers */ = {isa = PBXBuildFile; fileRef = 5DA851A81C69F78500194E3D /* NotificareDeviceViewController.h */; };
		5DA851FF1C69F78600194E3D /* NotificareInboxViewController.h in Headers */ = {isa = PBXBuildFile; fileRef = 5DA851A91C69F78500194E3D /* NotificareInboxViewController.h */; };
		5DA852001C69F78600194E3D /* NotificarePassbookViewController.h in Headers */ = {isa = PBXBuildFile; fileRef = 5DA851AA1C69F78500194E3D /* NotificarePassbookViewController.h */; };
		5DA852011C69F78600194E3D /* NotificareUserPreferences.h in Headers */ = {isa = PBXBuildFile; fileRef = 5DA851AB1C69F78500194E3D /* NotificareUserPreferences.h */; };
		5DA852021C69F78600194E3D /* NotificareUserViewController.h in Headers */ = {isa = PBXBuildFile; fileRef = 5DA851AC1C69F78500194E3D /* NotificareUserViewController.h */; };
		5DA852031C69F78600194E3D /* NotificareVideo.h in Headers */ = {isa = PBXBuildFile; fileRef = 5DA851AE1C69F78500194E3D /* NotificareVideo.h */; };
		5DA852041C69F78600194E3D /* NotificareWebView.h in Headers */ = {isa = PBXBuildFile; fileRef = 5DA851B01C69F78500194E3D /* NotificareWebView.h */; };
		AA747D9F0F9514B9006C5449 /* TiNotificare_Prefix.pch in Headers */ = {isa = PBXBuildFile; fileRef = AA747D9E0F9514B9006C5449 /* TiNotificare_Prefix.pch */; };
		AACBBE4A0F95108600F1A2B1 /* Foundation.framework in Frameworks */ = {isa = PBXBuildFile; fileRef = AACBBE490F95108600F1A2B1 /* Foundation.framework */; };
/* End PBXBuildFile section */

/* Begin PBXContainerItemProxy section */
		24416B8411C4CA280047AFDD /* PBXContainerItemProxy */ = {
			isa = PBXContainerItemProxy;
			containerPortal = 0867D690FE84028FC02AAC07 /* Project object */;
			proxyType = 1;
			remoteGlobalIDString = D2AAC07D0554694100DB518D;
			remoteInfo = "notificare-titanium-ios";
		};
/* End PBXContainerItemProxy section */

/* Begin PBXFileReference section */
		24DD6CF71134B3F500162E58 /* TiNotificareModule.h */ = {isa = PBXFileReference; fileEncoding = 4; lastKnownFileType = sourcecode.c.h; name = TiNotificareModule.h; path = Classes/TiNotificareModule.h; sourceTree = "<group>"; };
		24DD6CF81134B3F500162E58 /* TiNotificareModule.m */ = {isa = PBXFileReference; fileEncoding = 4; lastKnownFileType = sourcecode.c.objc; name = TiNotificareModule.m; path = Classes/TiNotificareModule.m; sourceTree = "<group>"; };
		24DD6D1B1134B66800162E58 /* titanium.xcconfig */ = {isa = PBXFileReference; fileEncoding = 4; lastKnownFileType = text.xcconfig; path = titanium.xcconfig; sourceTree = "<group>"; };
		24DE9E0F11C5FE74003F90F6 /* TiNotificareModuleAssets.h */ = {isa = PBXFileReference; fileEncoding = 4; lastKnownFileType = sourcecode.c.h; name = TiNotificareModuleAssets.h; path = Classes/TiNotificareModuleAssets.h; sourceTree = "<group>"; };
		24DE9E1011C5FE74003F90F6 /* TiNotificareModuleAssets.m */ = {isa = PBXFileReference; fileEncoding = 4; lastKnownFileType = sourcecode.c.objc; name = TiNotificareModuleAssets.m; path = Classes/TiNotificareModuleAssets.m; sourceTree = "<group>"; };
		5DA8513E1C69F78500194E3D /* libNotificarePushLib.a */ = {isa = PBXFileReference; lastKnownFileType = archive.ar; path = libNotificarePushLib.a; sourceTree = "<group>"; };
		5DA851421C69F78500194E3D /* ActionDelegate.h */ = {isa = PBXFileReference; fileEncoding = 4; lastKnownFileType = sourcecode.c.h; path = ActionDelegate.h; sourceTree = "<group>"; };
		5DA851431C69F78500194E3D /* ActionType.h */ = {isa = PBXFileReference; fileEncoding = 4; lastKnownFileType = sourcecode.c.h; path = ActionType.h; sourceTree = "<group>"; };
		5DA851451C69F78500194E3D /* NotificareApp.h */ = {isa = PBXFileReference; fileEncoding = 4; lastKnownFileType = sourcecode.c.h; path = NotificareApp.h; sourceTree = "<group>"; };
		5DA851471C69F78500194E3D /* NotificareBrowser.h */ = {isa = PBXFileReference; fileEncoding = 4; lastKnownFileType = sourcecode.c.h; path = NotificareBrowser.h; sourceTree = "<group>"; };
		5DA851491C69F78500194E3D /* NotificareCallback.h */ = {isa = PBXFileReference; fileEncoding = 4; lastKnownFileType = sourcecode.c.h; path = NotificareCallback.h; sourceTree = "<group>"; };
		5DA8514B1C69F78500194E3D /* NotificareCustom.h */ = {isa = PBXFileReference; fileEncoding = 4; lastKnownFileType = sourcecode.c.h; path = NotificareCustom.h; sourceTree = "<group>"; };
		5DA8514D1C69F78500194E3D /* NotificareMail.h */ = {isa = PBXFileReference; fileEncoding = 4; lastKnownFileType = sourcecode.c.h; path = NotificareMail.h; sourceTree = "<group>"; };
		5DA8514F1C69F78500194E3D /* NotificareSMS.h */ = {isa = PBXFileReference; fileEncoding = 4; lastKnownFileType = sourcecode.c.h; path = NotificareSMS.h; sourceTree = "<group>"; };
		5DA851511C69F78500194E3D /* NotificareTelephone.h */ = {isa = PBXFileReference; fileEncoding = 4; lastKnownFileType = sourcecode.c.h; path = NotificareTelephone.h; sourceTree = "<group>"; };
		5DA851551C69F78500194E3D /* NSData+NotificareMKBase64.h */ = {isa = PBXFileReference; fileEncoding = 4; lastKnownFileType = sourcecode.c.h; path = "NSData+NotificareMKBase64.h"; sourceTree = "<group>"; };
		5DA851561C69F78500194E3D /* NSDate+NotificareRFC1123.h */ = {isa = PBXFileReference; fileEncoding = 4; lastKnownFileType = sourcecode.c.h; path = "NSDate+NotificareRFC1123.h"; sourceTree = "<group>"; };
		5DA851571C69F78500194E3D /* NSDictionary+NotificareRequestEncoding.h */ = {isa = PBXFileReference; fileEncoding = 4; lastKnownFileType = sourcecode.c.h; path = "NSDictionary+NotificareRequestEncoding.h"; sourceTree = "<group>"; };
		5DA851581C69F78500194E3D /* NSString+NotificareMKNetworkKitAdditions.h */ = {isa = PBXFileReference; fileEncoding = 4; lastKnownFileType = sourcecode.c.h; path = "NSString+NotificareMKNetworkKitAdditions.h"; sourceTree = "<group>"; };
		5DA851591C69F78500194E3D /* UIAlertView+NotificareMKNetworkKitAdditions.h */ = {isa = PBXFileReference; fileEncoding = 4; lastKnownFileType = sourcecode.c.h; path = "UIAlertView+NotificareMKNetworkKitAdditions.h"; sourceTree = "<group>"; };
		5DA8515A1C69F78500194E3D /* UIImageView+NotificareMKNetworkKitAdditions.h */ = {isa = PBXFileReference; fileEncoding = 4; lastKnownFileType = sourcecode.c.h; path = "UIImageView+NotificareMKNetworkKitAdditions.h"; sourceTree = "<group>"; };
		5DA8515B1C69F78500194E3D /* NotificareMKNetworkEngine.h */ = {isa = PBXFileReference; fileEncoding = 4; lastKnownFileType = sourcecode.c.h; path = NotificareMKNetworkEngine.h; sourceTree = "<group>"; };
		5DA8515C1C69F78500194E3D /* NotificareMKNetworkKit.h */ = {isa = PBXFileReference; fileEncoding = 4; lastKnownFileType = sourcecode.c.h; path = NotificareMKNetworkKit.h; sourceTree = "<group>"; };
		5DA8515D1C69F78500194E3D /* NotificareMKNetworkOperation.h */ = {isa = PBXFileReference; fileEncoding = 4; lastKnownFileType = sourcecode.c.h; path = NotificareMKNetworkOperation.h; sourceTree = "<group>"; };
		5DA8515F1C69F78500194E3D /* NotificareReachability.h */ = {isa = PBXFileReference; fileEncoding = 4; lastKnownFileType = sourcecode.c.h; path = NotificareReachability.h; sourceTree = "<group>"; };
		5DA851611C69F78500194E3D /* NotificareNXOAuth2.h */ = {isa = PBXFileReference; fileEncoding = 4; lastKnownFileType = sourcecode.c.h; path = NotificareNXOAuth2.h; sourceTree = "<group>"; };
		5DA851621C69F78500194E3D /* NotificareNXOAuth2AccessToken.h */ = {isa = PBXFileReference; fileEncoding = 4; lastKnownFileType = sourcecode.c.h; path = NotificareNXOAuth2AccessToken.h; sourceTree = "<group>"; };
		5DA851631C69F78500194E3D /* NotificareNXOAuth2Account+Private.h */ = {isa = PBXFileReference; fileEncoding = 4; lastKnownFileType = sourcecode.c.h; path = "NotificareNXOAuth2Account+Private.h"; sourceTree = "<group>"; };
		5DA851641C69F78500194E3D /* NotificareNXOAuth2Account.h */ = {isa = PBXFileReference; fileEncoding = 4; lastKnownFileType = sourcecode.c.h; path = NotificareNXOAuth2Account.h; sourceTree = "<group>"; };
		5DA851651C69F78500194E3D /* NotificareNXOAuth2AccountStore.h */ = {isa = PBXFileReference; fileEncoding = 4; lastKnownFileType = sourcecode.c.h; path = NotificareNXOAuth2AccountStore.h; sourceTree = "<group>"; };
		5DA851661C69F78500194E3D /* NotificareNXOAuth2Client.h */ = {isa = PBXFileReference; fileEncoding = 4; lastKnownFileType = sourcecode.c.h; path = NotificareNXOAuth2Client.h; sourceTree = "<group>"; };
		5DA851671C69F78500194E3D /* NotificareNXOAuth2ClientDelegate.h */ = {isa = PBXFileReference; fileEncoding = 4; lastKnownFileType = sourcecode.c.h; path = NotificareNXOAuth2ClientDelegate.h; sourceTree = "<group>"; };
		5DA851681C69F78500194E3D /* NotificareNXOAuth2Connection.h */ = {isa = PBXFileReference; fileEncoding = 4; lastKnownFileType = sourcecode.c.h; path = NotificareNXOAuth2Connection.h; sourceTree = "<group>"; };
		5DA851691C69F78500194E3D /* NotificareNXOAuth2ConnectionDelegate.h */ = {isa = PBXFileReference; fileEncoding = 4; lastKnownFileType = sourcecode.c.h; path = NotificareNXOAuth2ConnectionDelegate.h; sourceTree = "<group>"; };
		5DA8516A1C69F78500194E3D /* NotificareNXOAuth2Constants.h */ = {isa = PBXFileReference; fileEncoding = 4; lastKnownFileType = sourcecode.c.h; path = NotificareNXOAuth2Constants.h; sourceTree = "<group>"; };
		5DA8516B1C69F78500194E3D /* NotificareNXOAuth2FileStreamWrapper.h */ = {isa = PBXFileReference; fileEncoding = 4; lastKnownFileType = sourcecode.c.h; path = NotificareNXOAuth2FileStreamWrapper.h; sourceTree = "<group>"; };
		5DA8516C1C69F78500194E3D /* NotificareNXOAuth2PostBodyPart.h */ = {isa = PBXFileReference; fileEncoding = 4; lastKnownFileType = sourcecode.c.h; path = NotificareNXOAuth2PostBodyPart.h; sourceTree = "<group>"; };
		5DA8516D1C69F78500194E3D /* NotificareNXOAuth2PostBodyStream.h */ = {isa = PBXFileReference; fileEncoding = 4; lastKnownFileType = sourcecode.c.h; path = NotificareNXOAuth2PostBodyStream.h; sourceTree = "<group>"; };
		5DA8516E1C69F78500194E3D /* NotificareNXOAuth2Request.h */ = {isa = PBXFileReference; fileEncoding = 4; lastKnownFileType = sourcecode.c.h; path = NotificareNXOAuth2Request.h; sourceTree = "<group>"; };
		5DA8516F1C69F78500194E3D /* NotificareNXOAuth2TrustDelegate.h */ = {isa = PBXFileReference; fileEncoding = 4; lastKnownFileType = sourcecode.c.h; path = NotificareNXOAuth2TrustDelegate.h; sourceTree = "<group>"; };
		5DA851701C69F78500194E3D /* NSData+NotificareNXOAuth2.h */ = {isa = PBXFileReference; fileEncoding = 4; lastKnownFileType = sourcecode.c.h; path = "NSData+NotificareNXOAuth2.h"; sourceTree = "<group>"; };
		5DA851711C69F78500194E3D /* NSString+NotificareNXOAuth2.h */ = {isa = PBXFileReference; fileEncoding = 4; lastKnownFileType = sourcecode.c.h; path = "NSString+NotificareNXOAuth2.h"; sourceTree = "<group>"; };
		5DA851721C69F78500194E3D /* NSURL+NotificareNXOAuth2.h */ = {isa = PBXFileReference; fileEncoding = 4; lastKnownFileType = sourcecode.c.h; path = "NSURL+NotificareNXOAuth2.h"; sourceTree = "<group>"; };
		5DA851741C69F78500194E3D /* base64.h */ = {isa = PBXFileReference; fileEncoding = 4; lastKnownFileType = sourcecode.c.h; path = base64.h; sourceTree = "<group>"; };
		5DA851751C69F78500194E3D /* NotificareSocketRocket-Prefix.pch */ = {isa = PBXFileReference; fileEncoding = 4; lastKnownFileType = sourcecode.c.h; path = "NotificareSocketRocket-Prefix.pch"; sourceTree = "<group>"; };
		5DA851761C69F78500194E3D /* NotificareSRWebSocket.h */ = {isa = PBXFileReference; fileEncoding = 4; lastKnownFileType = sourcecode.c.h; path = NotificareSRWebSocket.h; sourceTree = "<group>"; };
		5DA851771C69F78500194E3D /* NSData+NotificareSRB64Additions.h */ = {isa = PBXFileReference; fileEncoding = 4; lastKnownFileType = sourcecode.c.h; path = "NSData+NotificareSRB64Additions.h"; sourceTree = "<group>"; };
		5DA851791C69F78500194E3D /* NotificareAction.h */ = {isa = PBXFileReference; fileEncoding = 4; lastKnownFileType = sourcecode.c.h; path = NotificareAction.h; sourceTree = "<group>"; };
		5DA8517A1C69F78500194E3D /* NotificareAttachment.h */ = {isa = PBXFileReference; fileEncoding = 4; lastKnownFileType = sourcecode.c.h; path = NotificareAttachment.h; sourceTree = "<group>"; };
		5DA8517B1C69F78500194E3D /* NotificareBeacon.h */ = {isa = PBXFileReference; fileEncoding = 4; lastKnownFileType = sourcecode.c.h; path = NotificareBeacon.h; sourceTree = "<group>"; };
		5DA8517C1C69F78500194E3D /* NotificareContent.h */ = {isa = PBXFileReference; fileEncoding = 4; lastKnownFileType = sourcecode.c.h; path = NotificareContent.h; sourceTree = "<group>"; };
		5DA8517D1C69F78500194E3D /* NotificareDevice.h */ = {isa = PBXFileReference; fileEncoding = 4; lastKnownFileType = sourcecode.c.h; path = NotificareDevice.h; sourceTree = "<group>"; };
		5DA8517E1C69F78500194E3D /* NotificareDeviceInbox.h */ = {isa = PBXFileReference; fileEncoding = 4; lastKnownFileType = sourcecode.c.h; path = NotificareDeviceInbox.h; sourceTree = "<group>"; };
		5DA8517F1C69F78500194E3D /* NotificareNotification.h */ = {isa = PBXFileReference; fileEncoding = 4; lastKnownFileType = sourcecode.c.h; path = NotificareNotification.h; sourceTree = "<group>"; };
		5DA851801C69F78500194E3D /* NotificareProduct.h */ = {isa = PBXFileReference; fileEncoding = 4; lastKnownFileType = sourcecode.c.h; path = NotificareProduct.h; sourceTree = "<group>"; };
		5DA851811C69F78500194E3D /* NotificareSegment.h */ = {isa = PBXFileReference; fileEncoding = 4; lastKnownFileType = sourcecode.c.h; path = NotificareSegment.h; sourceTree = "<group>"; };
		5DA851821C69F78500194E3D /* NotificareUser.h */ = {isa = PBXFileReference; fileEncoding = 4; lastKnownFileType = sourcecode.c.h; path = NotificareUser.h; sourceTree = "<group>"; };
		5DA851831C69F78500194E3D /* NotificareUserPreference.h */ = {isa = PBXFileReference; fileEncoding = 4; lastKnownFileType = sourcecode.c.h; path = NotificareUserPreference.h; sourceTree = "<group>"; };
		5DA851841C69F78500194E3D /* Notificare.h */ = {isa = PBXFileReference; fileEncoding = 4; lastKnownFileType = sourcecode.c.h; path = Notificare.h; sourceTree = "<group>"; };
		5DA851851C69F78500194E3D /* NotificareActions.h */ = {isa = PBXFileReference; fileEncoding = 4; lastKnownFileType = sourcecode.c.h; path = NotificareActions.h; sourceTree = "<group>"; };
		5DA851861C69F78500194E3D /* NotificareEngine.h */ = {isa = PBXFileReference; fileEncoding = 4; lastKnownFileType = sourcecode.c.h; path = NotificareEngine.h; sourceTree = "<group>"; };
		5DA851871C69F78500194E3D /* NotificarePushLib.h */ = {isa = PBXFileReference; fileEncoding = 4; lastKnownFileType = sourcecode.c.h; path = NotificarePushLib.h; sourceTree = "<group>"; };
		5DA851891C69F78500194E3D /* NSData+Hex.h */ = {isa = PBXFileReference; fileEncoding = 4; lastKnownFileType = sourcecode.c.h; path = "NSData+Hex.h"; sourceTree = "<group>"; };
		5DA8518A1C69F78500194E3D /* NSDate+TimeAgo.h */ = {isa = PBXFileReference; fileEncoding = 4; lastKnownFileType = sourcecode.c.h; path = "NSDate+TimeAgo.h"; sourceTree = "<group>"; };
		5DA8518B1C69F78500194E3D /* NSDictionary+FromPlist.h */ = {isa = PBXFileReference; fileEncoding = 4; lastKnownFileType = sourcecode.c.h; path = "NSDictionary+FromPlist.h"; sourceTree = "<group>"; };
		5DA8518C1C69F78500194E3D /* NSString+FromBundle.h */ = {isa = PBXFileReference; fileEncoding = 4; lastKnownFileType = sourcecode.c.h; path = "NSString+FromBundle.h"; sourceTree = "<group>"; };
		5DA8518D1C69F78500194E3D /* NSString+Utils.h */ = {isa = PBXFileReference; fileEncoding = 4; lastKnownFileType = sourcecode.c.h; path = "NSString+Utils.h"; sourceTree = "<group>"; };
		5DA8518E1C69F78500194E3D /* SKProduct+priceAsString.h */ = {isa = PBXFileReference; fileEncoding = 4; lastKnownFileType = sourcecode.c.h; path = "SKProduct+priceAsString.h"; sourceTree = "<group>"; };
		5DA8518F1C69F78500194E3D /* UIImage+FromBundle.h */ = {isa = PBXFileReference; fileEncoding = 4; lastKnownFileType = sourcecode.c.h; path = "UIImage+FromBundle.h"; sourceTree = "<group>"; };
		5DA851921C69F78500194E3D /* NotificareAlert.h */ = {isa = PBXFileReference; fileEncoding = 4; lastKnownFileType = sourcecode.c.h; path = NotificareAlert.h; sourceTree = "<group>"; };
		5DA851941C69F78500194E3D /* NotificareBeacons.h */ = {isa = PBXFileReference; fileEncoding = 4; lastKnownFileType = sourcecode.c.h; path = NotificareBeacons.h; sourceTree = "<group>"; };
		5DA851961C69F78500194E3D /* NotificareForm.h */ = {isa = PBXFileReference; fileEncoding = 4; lastKnownFileType = sourcecode.c.h; path = NotificareForm.h; sourceTree = "<group>"; };
		5DA851981C69F78500194E3D /* NotificareImage.h */ = {isa = PBXFileReference; fileEncoding = 4; lastKnownFileType = sourcecode.c.h; path = NotificareImage.h; sourceTree = "<group>"; };
		5DA8519A1C69F78500194E3D /* NotificareInbox.h */ = {isa = PBXFileReference; fileEncoding = 4; lastKnownFileType = sourcecode.c.h; path = NotificareInbox.h; sourceTree = "<group>"; };
		5DA8519C1C69F78500194E3D /* NotificareLocation.h */ = {isa = PBXFileReference; fileEncoding = 4; lastKnownFileType = sourcecode.c.h; path = NotificareLocation.h; sourceTree = "<group>"; };
		5DA8519D1C69F78500194E3D /* NotificareMap.h */ = {isa = PBXFileReference; fileEncoding = 4; lastKnownFileType = sourcecode.c.h; path = NotificareMap.h; sourceTree = "<group>"; };
		5DA8519E1C69F78500194E3D /* NotificationDelegate.h */ = {isa = PBXFileReference; fileEncoding = 4; lastKnownFileType = sourcecode.c.h; path = NotificationDelegate.h; sourceTree = "<group>"; };
		5DA8519F1C69F78500194E3D /* NotificationType.h */ = {isa = PBXFileReference; fileEncoding = 4; lastKnownFileType = sourcecode.c.h; path = NotificationType.h; sourceTree = "<group>"; };
		5DA851A11C69F78500194E3D /* NotificarePassbook.h */ = {isa = PBXFileReference; fileEncoding = 4; lastKnownFileType = sourcecode.c.h; path = NotificarePassbook.h; sourceTree = "<group>"; };
		5DA851A31C69F78500194E3D /* NotificareRate.h */ = {isa = PBXFileReference; fileEncoding = 4; lastKnownFileType = sourcecode.c.h; path = NotificareRate.h; sourceTree = "<group>"; };
		5DA851A51C69F78500194E3D /* NotificareURL.h */ = {isa = PBXFileReference; fileEncoding = 4; lastKnownFileType = sourcecode.c.h; path = NotificareURL.h; sourceTree = "<group>"; };
		5DA851A71C69F78500194E3D /* NotificareBeaconsViewController.h */ = {isa = PBXFileReference; fileEncoding = 4; lastKnownFileType = sourcecode.c.h; path = NotificareBeaconsViewController.h; sourceTree = "<group>"; };
		5DA851A81C69F78500194E3D /* NotificareDeviceViewController.h */ = {isa = PBXFileReference; fileEncoding = 4; lastKnownFileType = sourcecode.c.h; path = NotificareDeviceViewController.h; sourceTree = "<group>"; };
		5DA851A91C69F78500194E3D /* NotificareInboxViewController.h */ = {isa = PBXFileReference; fileEncoding = 4; lastKnownFileType = sourcecode.c.h; path = NotificareInboxViewController.h; sourceTree = "<group>"; };
		5DA851AA1C69F78500194E3D /* NotificarePassbookViewController.h */ = {isa = PBXFileReference; fileEncoding = 4; lastKnownFileType = sourcecode.c.h; path = NotificarePassbookViewController.h; sourceTree = "<group>"; };
		5DA851AB1C69F78500194E3D /* NotificareUserPreferences.h */ = {isa = PBXFileReference; fileEncoding = 4; lastKnownFileType = sourcecode.c.h; path = NotificareUserPreferences.h; sourceTree = "<group>"; };
		5DA851AC1C69F78500194E3D /* NotificareUserViewController.h */ = {isa = PBXFileReference; fileEncoding = 4; lastKnownFileType = sourcecode.c.h; path = NotificareUserViewController.h; sourceTree = "<group>"; };
		5DA851AE1C69F78500194E3D /* NotificareVideo.h */ = {isa = PBXFileReference; fileEncoding = 4; lastKnownFileType = sourcecode.c.h; path = NotificareVideo.h; sourceTree = "<group>"; };
		5DA851B01C69F78500194E3D /* NotificareWebView.h */ = {isa = PBXFileReference; fileEncoding = 4; lastKnownFileType = sourcecode.c.h; path = NotificareWebView.h; sourceTree = "<group>"; };
		AA747D9E0F9514B9006C5449 /* TiNotificare_Prefix.pch */ = {isa = PBXFileReference; fileEncoding = 4; lastKnownFileType = sourcecode.c.h; path = TiNotificare_Prefix.pch; sourceTree = SOURCE_ROOT; };
		AACBBE490F95108600F1A2B1 /* Foundation.framework */ = {isa = PBXFileReference; lastKnownFileType = wrapper.framework; name = Foundation.framework; path = System/Library/Frameworks/Foundation.framework; sourceTree = SDKROOT; };
		D2AAC07E0554694100DB518D /* libTiNotificare.a */ = {isa = PBXFileReference; explicitFileType = archive.ar; includeInIndex = 0; path = libTiNotificare.a; sourceTree = BUILT_PRODUCTS_DIR; };
/* End PBXFileReference section */

/* Begin PBXFrameworksBuildPhase section */
		D2AAC07C0554694100DB518D /* Frameworks */ = {
			isa = PBXFrameworksBuildPhase;
			buildActionMask = 2147483647;
			files = (
				AACBBE4A0F95108600F1A2B1 /* Foundation.framework in Frameworks */,
				5DA851B11C69F78500194E3D /* libNotificarePushLib.a in Frameworks */,
			);
			runOnlyForDeploymentPostprocessing = 0;
		};
/* End PBXFrameworksBuildPhase section */

/* Begin PBXGroup section */
		034768DFFF38A50411DB9C8B /* Products */ = {
			isa = PBXGroup;
			children = (
				D2AAC07E0554694100DB518D /* libTiNotificare.a */,
			);
			name = Products;
			sourceTree = "<group>";
		};
		0867D691FE84028FC02AAC07 /* notificare-titanium-ios */ = {
			isa = PBXGroup;
			children = (
				5DA8513C1C69F78500194E3D /* notificare-push-lib-1.7.1 */,
				08FB77AEFE84172EC02AAC07 /* Classes */,
				32C88DFF0371C24200C91783 /* Other Sources */,
				0867D69AFE84028FC02AAC07 /* Frameworks */,
				034768DFFF38A50411DB9C8B /* Products */,
			);
			name = "notificare-titanium-ios";
			sourceTree = "<group>";
		};
		0867D69AFE84028FC02AAC07 /* Frameworks */ = {
			isa = PBXGroup;
			children = (
				AACBBE490F95108600F1A2B1 /* Foundation.framework */,
			);
			name = Frameworks;
			sourceTree = "<group>";
		};
		08FB77AEFE84172EC02AAC07 /* Classes */ = {
			isa = PBXGroup;
			children = (
				24DE9E0F11C5FE74003F90F6 /* TiNotificareModuleAssets.h */,
				24DE9E1011C5FE74003F90F6 /* TiNotificareModuleAssets.m */,
				24DD6CF71134B3F500162E58 /* TiNotificareModule.h */,
				24DD6CF81134B3F500162E58 /* TiNotificareModule.m */,
			);
			name = Classes;
			sourceTree = "<group>";
		};
		32C88DFF0371C24200C91783 /* Other Sources */ = {
			isa = PBXGroup;
			children = (
				AA747D9E0F9514B9006C5449 /* TiNotificare_Prefix.pch */,
				24DD6D1B1134B66800162E58 /* titanium.xcconfig */,
			);
			name = "Other Sources";
			sourceTree = "<group>";
		};
		5DA8513C1C69F78500194E3D /* notificare-push-lib-1.7.1 */ = {
			isa = PBXGroup;
			children = (
				5DA8513E1C69F78500194E3D /* libNotificarePushLib.a */,
				5DA8513F1C69F78500194E3D /* Notificare */,
			);
			path = "notificare-push-lib-1.7.1";
			sourceTree = "<group>";
		};
		5DA8513F1C69F78500194E3D /* Notificare */ = {
			isa = PBXGroup;
			children = (
				5DA851401C69F78500194E3D /* NotificarePushLib */,
			);
			path = Notificare;
			sourceTree = "<group>";
		};
		5DA851401C69F78500194E3D /* NotificarePushLib */ = {
			isa = PBXGroup;
			children = (
				5DA851411C69F78500194E3D /* Actions */,
				5DA851521C69F78500194E3D /* Libraries */,
				5DA851781C69F78500194E3D /* Models */,
				5DA851841C69F78500194E3D /* Notificare.h */,
				5DA851851C69F78500194E3D /* NotificareActions.h */,
				5DA851861C69F78500194E3D /* NotificareEngine.h */,
				5DA851871C69F78500194E3D /* NotificarePushLib.h */,
				5DA851881C69F78500194E3D /* Shared */,
				5DA851901C69F78500194E3D /* Types */,
			);
			path = NotificarePushLib;
			sourceTree = "<group>";
		};
		5DA851411C69F78500194E3D /* Actions */ = {
			isa = PBXGroup;
			children = (
				5DA851421C69F78500194E3D /* ActionDelegate.h */,
				5DA851431C69F78500194E3D /* ActionType.h */,
				5DA851441C69F78500194E3D /* App */,
				5DA851461C69F78500194E3D /* Browser */,
				5DA851481C69F78500194E3D /* Callback */,
				5DA8514A1C69F78500194E3D /* Custom */,
				5DA8514C1C69F78500194E3D /* Mail */,
				5DA8514E1C69F78500194E3D /* SMS */,
				5DA851501C69F78500194E3D /* Telephone */,
			);
			path = Actions;
			sourceTree = "<group>";
		};
		5DA851441C69F78500194E3D /* App */ = {
			isa = PBXGroup;
			children = (
				5DA851451C69F78500194E3D /* NotificareApp.h */,
			);
			path = App;
			sourceTree = "<group>";
		};
		5DA851461C69F78500194E3D /* Browser */ = {
			isa = PBXGroup;
			children = (
				5DA851471C69F78500194E3D /* NotificareBrowser.h */,
			);
			path = Browser;
			sourceTree = "<group>";
		};
		5DA851481C69F78500194E3D /* Callback */ = {
			isa = PBXGroup;
			children = (
				5DA851491C69F78500194E3D /* NotificareCallback.h */,
			);
			path = Callback;
			sourceTree = "<group>";
		};
		5DA8514A1C69F78500194E3D /* Custom */ = {
			isa = PBXGroup;
			children = (
				5DA8514B1C69F78500194E3D /* NotificareCustom.h */,
			);
			path = Custom;
			sourceTree = "<group>";
		};
		5DA8514C1C69F78500194E3D /* Mail */ = {
			isa = PBXGroup;
			children = (
				5DA8514D1C69F78500194E3D /* NotificareMail.h */,
			);
			path = Mail;
			sourceTree = "<group>";
		};
		5DA8514E1C69F78500194E3D /* SMS */ = {
			isa = PBXGroup;
			children = (
				5DA8514F1C69F78500194E3D /* NotificareSMS.h */,
			);
			path = SMS;
			sourceTree = "<group>";
		};
		5DA851501C69F78500194E3D /* Telephone */ = {
			isa = PBXGroup;
			children = (
				5DA851511C69F78500194E3D /* NotificareTelephone.h */,
			);
			path = Telephone;
			sourceTree = "<group>";
		};
		5DA851521C69F78500194E3D /* Libraries */ = {
			isa = PBXGroup;
			children = (
				5DA851531C69F78500194E3D /* MKNetworkKit */,
				5DA851601C69F78500194E3D /* NXOAuth2Client */,
				5DA851731C69F78500194E3D /* SocketRocket */,
			);
			path = Libraries;
			sourceTree = "<group>";
		};
		5DA851531C69F78500194E3D /* MKNetworkKit */ = {
			isa = PBXGroup;
			children = (
				5DA851541C69F78500194E3D /* Categories */,
				5DA8515B1C69F78500194E3D /* NotificareMKNetworkEngine.h */,
				5DA8515C1C69F78500194E3D /* NotificareMKNetworkKit.h */,
				5DA8515D1C69F78500194E3D /* NotificareMKNetworkOperation.h */,
				5DA8515E1C69F78500194E3D /* Reachability */,
			);
			path = MKNetworkKit;
			sourceTree = "<group>";
		};
		5DA851541C69F78500194E3D /* Categories */ = {
			isa = PBXGroup;
			children = (
				5DA851551C69F78500194E3D /* NSData+NotificareMKBase64.h */,
				5DA851561C69F78500194E3D /* NSDate+NotificareRFC1123.h */,
				5DA851571C69F78500194E3D /* NSDictionary+NotificareRequestEncoding.h */,
				5DA851581C69F78500194E3D /* NSString+NotificareMKNetworkKitAdditions.h */,
				5DA851591C69F78500194E3D /* UIAlertView+NotificareMKNetworkKitAdditions.h */,
				5DA8515A1C69F78500194E3D /* UIImageView+NotificareMKNetworkKitAdditions.h */,
			);
			path = Categories;
			sourceTree = "<group>";
		};
		5DA8515E1C69F78500194E3D /* Reachability */ = {
			isa = PBXGroup;
			children = (
				5DA8515F1C69F78500194E3D /* NotificareReachability.h */,
			);
			path = Reachability;
			sourceTree = "<group>";
		};
		5DA851601C69F78500194E3D /* NXOAuth2Client */ = {
			isa = PBXGroup;
			children = (
				5DA851611C69F78500194E3D /* NotificareNXOAuth2.h */,
				5DA851621C69F78500194E3D /* NotificareNXOAuth2AccessToken.h */,
				5DA851631C69F78500194E3D /* NotificareNXOAuth2Account+Private.h */,
				5DA851641C69F78500194E3D /* NotificareNXOAuth2Account.h */,
				5DA851651C69F78500194E3D /* NotificareNXOAuth2AccountStore.h */,
				5DA851661C69F78500194E3D /* NotificareNXOAuth2Client.h */,
				5DA851671C69F78500194E3D /* NotificareNXOAuth2ClientDelegate.h */,
				5DA851681C69F78500194E3D /* NotificareNXOAuth2Connection.h */,
				5DA851691C69F78500194E3D /* NotificareNXOAuth2ConnectionDelegate.h */,
				5DA8516A1C69F78500194E3D /* NotificareNXOAuth2Constants.h */,
				5DA8516B1C69F78500194E3D /* NotificareNXOAuth2FileStreamWrapper.h */,
				5DA8516C1C69F78500194E3D /* NotificareNXOAuth2PostBodyPart.h */,
				5DA8516D1C69F78500194E3D /* NotificareNXOAuth2PostBodyStream.h */,
				5DA8516E1C69F78500194E3D /* NotificareNXOAuth2Request.h */,
				5DA8516F1C69F78500194E3D /* NotificareNXOAuth2TrustDelegate.h */,
				5DA851701C69F78500194E3D /* NSData+NotificareNXOAuth2.h */,
				5DA851711C69F78500194E3D /* NSString+NotificareNXOAuth2.h */,
				5DA851721C69F78500194E3D /* NSURL+NotificareNXOAuth2.h */,
			);
			path = NXOAuth2Client;
			sourceTree = "<group>";
		};
		5DA851731C69F78500194E3D /* SocketRocket */ = {
			isa = PBXGroup;
			children = (
				5DA851741C69F78500194E3D /* base64.h */,
				5DA851751C69F78500194E3D /* NotificareSocketRocket-Prefix.pch */,
				5DA851761C69F78500194E3D /* NotificareSRWebSocket.h */,
				5DA851771C69F78500194E3D /* NSData+NotificareSRB64Additions.h */,
			);
			path = SocketRocket;
			sourceTree = "<group>";
		};
		5DA851781C69F78500194E3D /* Models */ = {
			isa = PBXGroup;
			children = (
				5DA851791C69F78500194E3D /* NotificareAction.h */,
				5DA8517A1C69F78500194E3D /* NotificareAttachment.h */,
				5DA8517B1C69F78500194E3D /* NotificareBeacon.h */,
				5DA8517C1C69F78500194E3D /* NotificareContent.h */,
				5DA8517D1C69F78500194E3D /* NotificareDevice.h */,
				5DA8517E1C69F78500194E3D /* NotificareDeviceInbox.h */,
				5DA8517F1C69F78500194E3D /* NotificareNotification.h */,
				5DA851801C69F78500194E3D /* NotificareProduct.h */,
				5DA851811C69F78500194E3D /* NotificareSegment.h */,
				5DA851821C69F78500194E3D /* NotificareUser.h */,
				5DA851831C69F78500194E3D /* NotificareUserPreference.h */,
			);
			path = Models;
			sourceTree = "<group>";
		};
		5DA851881C69F78500194E3D /* Shared */ = {
			isa = PBXGroup;
			children = (
				5DA851891C69F78500194E3D /* NSData+Hex.h */,
				5DA8518A1C69F78500194E3D /* NSDate+TimeAgo.h */,
				5DA8518B1C69F78500194E3D /* NSDictionary+FromPlist.h */,
				5DA8518C1C69F78500194E3D /* NSString+FromBundle.h */,
				5DA8518D1C69F78500194E3D /* NSString+Utils.h */,
				5DA8518E1C69F78500194E3D /* SKProduct+priceAsString.h */,
				5DA8518F1C69F78500194E3D /* UIImage+FromBundle.h */,
			);
			path = Shared;
			sourceTree = "<group>";
		};
		5DA851901C69F78500194E3D /* Types */ = {
			isa = PBXGroup;
			children = (
				5DA851911C69F78500194E3D /* Alert */,
				5DA851931C69F78500194E3D /* Beacons */,
				5DA851951C69F78500194E3D /* Form */,
				5DA851971C69F78500194E3D /* Image */,
				5DA851991C69F78500194E3D /* Inbox */,
				5DA8519B1C69F78500194E3D /* Map */,
				5DA8519E1C69F78500194E3D /* NotificationDelegate.h */,
				5DA8519F1C69F78500194E3D /* NotificationType.h */,
				5DA851A01C69F78500194E3D /* Passbook */,
				5DA851A21C69F78500194E3D /* Rate */,
				5DA851A41C69F78500194E3D /* URL */,
				5DA851A61C69F78500194E3D /* UserPreferences */,
				5DA851AD1C69F78500194E3D /* Video */,
				5DA851AF1C69F78500194E3D /* WebView */,
			);
			path = Types;
			sourceTree = "<group>";
		};
		5DA851911C69F78500194E3D /* Alert */ = {
			isa = PBXGroup;
			children = (
				5DA851921C69F78500194E3D /* NotificareAlert.h */,
			);
			path = Alert;
			sourceTree = "<group>";
		};
		5DA851931C69F78500194E3D /* Beacons */ = {
			isa = PBXGroup;
			children = (
				5DA851941C69F78500194E3D /* NotificareBeacons.h */,
			);
			path = Beacons;
			sourceTree = "<group>";
		};
		5DA851951C69F78500194E3D /* Form */ = {
			isa = PBXGroup;
			children = (
				5DA851961C69F78500194E3D /* NotificareForm.h */,
			);
			path = Form;
			sourceTree = "<group>";
		};
		5DA851971C69F78500194E3D /* Image */ = {
			isa = PBXGroup;
			children = (
				5DA851981C69F78500194E3D /* NotificareImage.h */,
			);
			path = Image;
			sourceTree = "<group>";
		};
		5DA851991C69F78500194E3D /* Inbox */ = {
			isa = PBXGroup;
			children = (
				5DA8519A1C69F78500194E3D /* NotificareInbox.h */,
			);
			path = Inbox;
			sourceTree = "<group>";
		};
		5DA8519B1C69F78500194E3D /* Map */ = {
			isa = PBXGroup;
			children = (
				5DA8519C1C69F78500194E3D /* NotificareLocation.h */,
				5DA8519D1C69F78500194E3D /* NotificareMap.h */,
			);
			path = Map;
			sourceTree = "<group>";
		};
		5DA851A01C69F78500194E3D /* Passbook */ = {
			isa = PBXGroup;
			children = (
				5DA851A11C69F78500194E3D /* NotificarePassbook.h */,
			);
			path = Passbook;
			sourceTree = "<group>";
		};
		5DA851A21C69F78500194E3D /* Rate */ = {
			isa = PBXGroup;
			children = (
				5DA851A31C69F78500194E3D /* NotificareRate.h */,
			);
			path = Rate;
			sourceTree = "<group>";
		};
		5DA851A41C69F78500194E3D /* URL */ = {
			isa = PBXGroup;
			children = (
				5DA851A51C69F78500194E3D /* NotificareURL.h */,
			);
			path = URL;
			sourceTree = "<group>";
		};
		5DA851A61C69F78500194E3D /* UserPreferences */ = {
			isa = PBXGroup;
			children = (
				5DA851A71C69F78500194E3D /* NotificareBeaconsViewController.h */,
				5DA851A81C69F78500194E3D /* NotificareDeviceViewController.h */,
				5DA851A91C69F78500194E3D /* NotificareInboxViewController.h */,
				5DA851AA1C69F78500194E3D /* NotificarePassbookViewController.h */,
				5DA851AB1C69F78500194E3D /* NotificareUserPreferences.h */,
				5DA851AC1C69F78500194E3D /* NotificareUserViewController.h */,
			);
			path = UserPreferences;
			sourceTree = "<group>";
		};
		5DA851AD1C69F78500194E3D /* Video */ = {
			isa = PBXGroup;
			children = (
				5DA851AE1C69F78500194E3D /* NotificareVideo.h */,
			);
			path = Video;
			sourceTree = "<group>";
		};
		5DA851AF1C69F78500194E3D /* WebView */ = {
			isa = PBXGroup;
			children = (
				5DA851B01C69F78500194E3D /* NotificareWebView.h */,
			);
			path = WebView;
			sourceTree = "<group>";
		};
/* End PBXGroup section */

/* Begin PBXHeadersBuildPhase section */
		D2AAC07A0554694100DB518D /* Headers */ = {
			isa = PBXHeadersBuildPhase;
			buildActionMask = 2147483647;
			files = (
				5DA851E81C69F78600194E3D /* NotificareEngine.h in Headers */,
				5DA852001C69F78600194E3D /* NotificarePassbookViewController.h in Headers */,
				5DA851E31C69F78600194E3D /* NotificareSegment.h in Headers */,
				5DA851BE1C69F78600194E3D /* NSString+NotificareMKNetworkKitAdditions.h in Headers */,
				5DA851EB1C69F78600194E3D /* NSDate+TimeAgo.h in Headers */,
				5DA851B91C69F78600194E3D /* NotificareSMS.h in Headers */,
				AA747D9F0F9514B9006C5449 /* TiNotificare_Prefix.pch in Headers */,
				5DA851C41C69F78600194E3D /* NotificareReachability.h in Headers */,
				5DA851B81C69F78600194E3D /* NotificareMail.h in Headers */,
				5DA851ED1C69F78600194E3D /* NSString+FromBundle.h in Headers */,
				5DA851C11C69F78600194E3D /* NotificareMKNetworkEngine.h in Headers */,
				5DA851E21C69F78600194E3D /* NotificareProduct.h in Headers */,
				5DA852031C69F78600194E3D /* NotificareVideo.h in Headers */,
				5DA851FB1C69F78600194E3D /* NotificareRate.h in Headers */,
				5DA851F91C69F78600194E3D /* NotificationType.h in Headers */,
				5DA851BA1C69F78600194E3D /* NotificareTelephone.h in Headers */,
				5DA851E41C69F78600194E3D /* NotificareUser.h in Headers */,
				5DA851EC1C69F78600194E3D /* NSDictionary+FromPlist.h in Headers */,
				5DA851CB1C69F78600194E3D /* NotificareNXOAuth2ClientDelegate.h in Headers */,
				5DA851F61C69F78600194E3D /* NotificareLocation.h in Headers */,
				5DA851FE1C69F78600194E3D /* NotificareDeviceViewController.h in Headers */,
				5DA851D31C69F78600194E3D /* NotificareNXOAuth2TrustDelegate.h in Headers */,
				5DA851F21C69F78600194E3D /* NotificareBeacons.h in Headers */,
				5DA851DF1C69F78600194E3D /* NotificareDevice.h in Headers */,
				5DA851C81C69F78600194E3D /* NotificareNXOAuth2Account.h in Headers */,
				5DA851E61C69F78600194E3D /* Notificare.h in Headers */,
				5DA851DD1C69F78600194E3D /* NotificareBeacon.h in Headers */,
				5DA851B71C69F78500194E3D /* NotificareCustom.h in Headers */,
				5DA851B51C69F78500194E3D /* NotificareBrowser.h in Headers */,
				5DA851D61C69F78600194E3D /* NSURL+NotificareNXOAuth2.h in Headers */,
				5DA851D51C69F78600194E3D /* NSString+NotificareNXOAuth2.h in Headers */,
				5DA851CF1C69F78600194E3D /* NotificareNXOAuth2FileStreamWrapper.h in Headers */,
				5DA851D11C69F78600194E3D /* NotificareNXOAuth2PostBodyStream.h in Headers */,
				5DA851F81C69F78600194E3D /* NotificationDelegate.h in Headers */,
				5DA851C21C69F78600194E3D /* NotificareMKNetworkKit.h in Headers */,
				5DA851BD1C69F78600194E3D /* NSDictionary+NotificareRequestEncoding.h in Headers */,
				5DA851FF1C69F78600194E3D /* NotificareInboxViewController.h in Headers */,
				5DA851DB1C69F78600194E3D /* NotificareAction.h in Headers */,
				5DA851F71C69F78600194E3D /* NotificareMap.h in Headers */,
				5DA852021C69F78600194E3D /* NotificareUserViewController.h in Headers */,
				5DA851E71C69F78600194E3D /* NotificareActions.h in Headers */,
				5DA851D21C69F78600194E3D /* NotificareNXOAuth2Request.h in Headers */,
				5DA851CE1C69F78600194E3D /* NotificareNXOAuth2Constants.h in Headers */,
				5DA851CA1C69F78600194E3D /* NotificareNXOAuth2Client.h in Headers */,
				5DA851C91C69F78600194E3D /* NotificareNXOAuth2AccountStore.h in Headers */,
				5DA851C31C69F78600194E3D /* NotificareMKNetworkOperation.h in Headers */,
				5DA851F41C69F78600194E3D /* NotificareImage.h in Headers */,
				5DA851F31C69F78600194E3D /* NotificareForm.h in Headers */,
				5DA852041C69F78600194E3D /* NotificareWebView.h in Headers */,
				5DA851BC1C69F78600194E3D /* NSDate+NotificareRFC1123.h in Headers */,
				5DA851D81C69F78600194E3D /* NotificareSocketRocket-Prefix.pch in Headers */,
				5DA852011C69F78600194E3D /* NotificareUserPreferences.h in Headers */,
				5DA851C61C69F78600194E3D /* NotificareNXOAuth2AccessToken.h in Headers */,
				5DA851D71C69F78600194E3D /* base64.h in Headers */,
				5DA851B31C69F78500194E3D /* ActionType.h in Headers */,
				5DA851E91C69F78600194E3D /* NotificarePushLib.h in Headers */,
				5DA851BB1C69F78600194E3D /* NSData+NotificareMKBase64.h in Headers */,
				5DA851F51C69F78600194E3D /* NotificareInbox.h in Headers */,
				5DA851B61C69F78500194E3D /* NotificareCallback.h in Headers */,
				5DA851E51C69F78600194E3D /* NotificareUserPreference.h in Headers */,
				5DA851C51C69F78600194E3D /* NotificareNXOAuth2.h in Headers */,
				5DA851D01C69F78600194E3D /* NotificareNXOAuth2PostBodyPart.h in Headers */,
				5DA851B41C69F78500194E3D /* NotificareApp.h in Headers */,
				5DA851D91C69F78600194E3D /* NotificareSRWebSocket.h in Headers */,
				24DD6CF91134B3F500162E58 /* TiNotificareModule.h in Headers */,
				5DA851E11C69F78600194E3D /* NotificareNotification.h in Headers */,
				5DA851DA1C69F78600194E3D /* NSData+NotificareSRB64Additions.h in Headers */,
				5DA851DC1C69F78600194E3D /* NotificareAttachment.h in Headers */,
				5DA851FA1C69F78600194E3D /* NotificarePassbook.h in Headers */,
				5DA851FC1C69F78600194E3D /* NotificareURL.h in Headers */,
				24DE9E1111C5FE74003F90F6 /* TiNotificareModuleAssets.h in Headers */,
				5DA851DE1C69F78600194E3D /* NotificareContent.h in Headers */,
				5DA851CD1C69F78600194E3D /* NotificareNXOAuth2ConnectionDelegate.h in Headers */,
				5DA851E01C69F78600194E3D /* NotificareDeviceInbox.h in Headers */,
				5DA851EF1C69F78600194E3D /* SKProduct+priceAsString.h in Headers */,
				5DA851EA1C69F78600194E3D /* NSData+Hex.h in Headers */,
				5DA851C71C69F78600194E3D /* NotificareNXOAuth2Account+Private.h in Headers */,
				5DA851FD1C69F78600194E3D /* NotificareBeaconsViewController.h in Headers */,
				5DA851EE1C69F78600194E3D /* NSString+Utils.h in Headers */,
				5DA851BF1C69F78600194E3D /* UIAlertView+NotificareMKNetworkKitAdditions.h in Headers */,
				5DA851D41C69F78600194E3D /* NSData+NotificareNXOAuth2.h in Headers */,
				5DA851F11C69F78600194E3D /* NotificareAlert.h in Headers */,
				5DA851F01C69F78600194E3D /* UIImage+FromBundle.h in Headers */,
				5DA851B21C69F78500194E3D /* ActionDelegate.h in Headers */,
				5DA851C01C69F78600194E3D /* UIImageView+NotificareMKNetworkKitAdditions.h in Headers */,
				5DA851CC1C69F78600194E3D /* NotificareNXOAuth2Connection.h in Headers */,
			);
			runOnlyForDeploymentPostprocessing = 0;
		};
/* End PBXHeadersBuildPhase section */

/* Begin PBXNativeTarget section */
		D2AAC07D0554694100DB518D /* notificare-titanium-ios */ = {
			isa = PBXNativeTarget;
			buildConfigurationList = 1DEB921E08733DC00010E9CD /* Build configuration list for PBXNativeTarget "notificare-titanium-ios" */;
			buildPhases = (
				D2AAC07A0554694100DB518D /* Headers */,
				D2AAC07B0554694100DB518D /* Sources */,
				D2AAC07C0554694100DB518D /* Frameworks */,
			);
			buildRules = (
			);
			dependencies = (
			);
			name = "notificare-titanium-ios";
			productName = "notificare-titanium-ios";
			productReference = D2AAC07E0554694100DB518D /* libTiNotificare.a */;
			productType = "com.apple.product-type.library.static";
		};
/* End PBXNativeTarget section */

/* Begin PBXProject section */
		0867D690FE84028FC02AAC07 /* Project object */ = {
			isa = PBXProject;
			attributes = {
				LastUpgradeCheck = 0720;
			};
			buildConfigurationList = 1DEB922208733DC00010E9CD /* Build configuration list for PBXProject "notificare-titanium-ios" */;
			compatibilityVersion = "Xcode 3.2";
			developmentRegion = English;
			hasScannedForEncodings = 1;
			knownRegions = (
				English,
				Japanese,
				French,
				German,
			);
			mainGroup = 0867D691FE84028FC02AAC07 /* notificare-titanium-ios */;
			productRefGroup = 034768DFFF38A50411DB9C8B /* Products */;
			projectDirPath = "";
			projectRoot = "";
			targets = (
				D2AAC07D0554694100DB518D /* notificare-titanium-ios */,
				24416B8111C4CA220047AFDD /* Build & Test */,
			);
		};
/* End PBXProject section */

/* Begin PBXShellScriptBuildPhase section */
		24416B8011C4CA220047AFDD /* ShellScript */ = {
			isa = PBXShellScriptBuildPhase;
			buildActionMask = 2147483647;
			files = (
			);
			inputPaths = (
			);
			outputPaths = (
			);
			runOnlyForDeploymentPostprocessing = 0;
			shellPath = /bin/sh;
			shellScript = "# shell script goes here\n\npython \"${TITANIUM_SDK}/titanium.py\" run --dir=\"${PROJECT_DIR}\"\nexit $?\n";
		};
/* End PBXShellScriptBuildPhase section */

/* Begin PBXSourcesBuildPhase section */
		D2AAC07B0554694100DB518D /* Sources */ = {
			isa = PBXSourcesBuildPhase;
			buildActionMask = 2147483647;
			files = (
				24DD6CFA1134B3F500162E58 /* TiNotificareModule.m in Sources */,
				24DE9E1211C5FE74003F90F6 /* TiNotificareModuleAssets.m in Sources */,
			);
			runOnlyForDeploymentPostprocessing = 0;
		};
/* End PBXSourcesBuildPhase section */

/* Begin PBXTargetDependency section */
		24416B8511C4CA280047AFDD /* PBXTargetDependency */ = {
			isa = PBXTargetDependency;
			target = D2AAC07D0554694100DB518D /* notificare-titanium-ios */;
			targetProxy = 24416B8411C4CA280047AFDD /* PBXContainerItemProxy */;
		};
/* End PBXTargetDependency section */

/* Begin XCBuildConfiguration section */
		1DEB921F08733DC00010E9CD /* Debug */ = {
			isa = XCBuildConfiguration;
			baseConfigurationReference = 24DD6D1B1134B66800162E58 /* titanium.xcconfig */;
			buildSettings = {
				CODE_SIGN_IDENTITY = "iPhone Developer";
				"CODE_SIGN_IDENTITY[sdk=iphoneos*]" = "iPhone Developer";
				DSTROOT = /tmp/TiNotificare.dst;
				GCC_C_LANGUAGE_STANDARD = c99;
				GCC_OPTIMIZATION_LEVEL = 0;
				GCC_PRECOMPILE_PREFIX_HEADER = YES;
				GCC_PREFIX_HEADER = TiNotificare_Prefix.pch;
				GCC_PREPROCESSOR_DEFINITIONS = "TI_VERSION=$(TI_VERSION)";
				GCC_TREAT_WARNINGS_AS_ERRORS = NO;
				GCC_VERSION = "";
				GCC_WARN_ABOUT_RETURN_TYPE = NO;
				GCC_WARN_MISSING_PARENTHESES = NO;
				GCC_WARN_SHADOW = NO;
				GCC_WARN_STRICT_SELECTOR_MATCH = NO;
				GCC_WARN_UNUSED_FUNCTION = YES;
				GCC_WARN_UNUSED_PARAMETER = NO;
				GCC_WARN_UNUSED_VALUE = NO;
				GCC_WARN_UNUSED_VARIABLE = NO;
				INSTALL_PATH = /usr/local/lib;
				IPHONEOS_DEPLOYMENT_TARGET = 6.0;
				LIBRARY_SEARCH_PATHS = "$(PROJECT_DIR)/notificare-push-lib-1.7.1";
				OTHER_CFLAGS = (
					"-DDEBUG",
					"-DTI_POST_1_2",
				);
				OTHER_LDFLAGS = "-ObjC";
				PRODUCT_NAME = TiNotificare;
				PROVISIONING_PROFILE = "";
				"PROVISIONING_PROFILE[sdk=iphoneos*]" = "";
				RUN_CLANG_STATIC_ANALYZER = NO;
				SDKROOT = iphoneos;
				USER_HEADER_SEARCH_PATHS = "";
			};
			name = Debug;
		};
		1DEB922008733DC00010E9CD /* Release */ = {
			isa = XCBuildConfiguration;
			baseConfigurationReference = 24DD6D1B1134B66800162E58 /* titanium.xcconfig */;
			buildSettings = {
				ALWAYS_SEARCH_USER_PATHS = NO;
				DSTROOT = /tmp/TiNotificare.dst;
				GCC_C_LANGUAGE_STANDARD = c99;
				GCC_MODEL_TUNING = G5;
				GCC_PRECOMPILE_PREFIX_HEADER = YES;
				GCC_PREFIX_HEADER = TiNotificare_Prefix.pch;
				GCC_PREPROCESSOR_DEFINITIONS = "TI_VERSION=$(TI_VERSION)";
				GCC_TREAT_WARNINGS_AS_ERRORS = NO;
				GCC_VERSION = "";
				GCC_WARN_ABOUT_RETURN_TYPE = NO;
				GCC_WARN_MISSING_PARENTHESES = NO;
				GCC_WARN_SHADOW = NO;
				GCC_WARN_STRICT_SELECTOR_MATCH = NO;
				GCC_WARN_UNUSED_FUNCTION = YES;
				GCC_WARN_UNUSED_PARAMETER = NO;
				GCC_WARN_UNUSED_VALUE = NO;
				GCC_WARN_UNUSED_VARIABLE = NO;
				INSTALL_PATH = /usr/local/lib;
				IPHONEOS_DEPLOYMENT_TARGET = 6.0;
				LIBRARY_SEARCH_PATHS = "$(PROJECT_DIR)/notificare-push-lib-1.7.1";
				OTHER_CFLAGS = "-DTI_POST_1_2";
				OTHER_LDFLAGS = "-ObjC";
				PRODUCT_NAME = TiNotificare;
				RUN_CLANG_STATIC_ANALYZER = NO;
				SDKROOT = iphoneos;
				USER_HEADER_SEARCH_PATHS = "";
			};
			name = Release;
		};
		1DEB922308733DC00010E9CD /* Debug */ = {
			isa = XCBuildConfiguration;
			baseConfigurationReference = 24DD6D1B1134B66800162E58 /* titanium.xcconfig */;
			buildSettings = {
				CLANG_CXX_LIBRARY = "libstdc++";
				CODE_SIGN_IDENTITY = "iPhone Developer";
				"CODE_SIGN_IDENTITY[sdk=iphoneos*]" = "iPhone Developer";
				DSTROOT = /tmp/TiNotificare.dst;
				ENABLE_TESTABILITY = YES;
				GCC_C_LANGUAGE_STANDARD = c99;
				GCC_OPTIMIZATION_LEVEL = 0;
				GCC_PRECOMPILE_PREFIX_HEADER = YES;
				GCC_PREFIX_HEADER = TiNotificare_Prefix.pch;
				GCC_PREPROCESSOR_DEFINITIONS = "TI_VERSION=$(TI_VERSION)";
				GCC_TREAT_WARNINGS_AS_ERRORS = NO;
				GCC_VERSION = "";
				GCC_WARN_ABOUT_RETURN_TYPE = NO;
				GCC_WARN_MISSING_PARENTHESES = NO;
				GCC_WARN_SHADOW = NO;
				GCC_WARN_STRICT_SELECTOR_MATCH = NO;
				GCC_WARN_UNUSED_FUNCTION = YES;
				GCC_WARN_UNUSED_PARAMETER = NO;
				GCC_WARN_UNUSED_VALUE = NO;
				GCC_WARN_UNUSED_VARIABLE = NO;
				INSTALL_PATH = /usr/local/lib;
				ONLY_ACTIVE_ARCH = YES;
				OTHER_CFLAGS = (
					"-DDEBUG",
					"-DTI_POST_1_2",
				);
				OTHER_LDFLAGS = "-ObjC";
				PRODUCT_NAME = TiNotificare;
				PROVISIONING_PROFILE = "";
				"PROVISIONING_PROFILE[sdk=iphoneos*]" = "";
				RUN_CLANG_STATIC_ANALYZER = NO;
				SDKROOT = iphoneos;
				USER_HEADER_SEARCH_PATHS = "";
			};
			name = Debug;
		};
		1DEB922408733DC00010E9CD /* Release */ = {
			isa = XCBuildConfiguration;
			baseConfigurationReference = 24DD6D1B1134B66800162E58 /* titanium.xcconfig */;
			buildSettings = {
				ALWAYS_SEARCH_USER_PATHS = NO;
				CLANG_CXX_LIBRARY = "libstdc++";
				DSTROOT = /tmp/TiNotificare.dst;
				GCC_C_LANGUAGE_STANDARD = c99;
				GCC_MODEL_TUNING = G5;
				GCC_PRECOMPILE_PREFIX_HEADER = YES;
				GCC_PREFIX_HEADER = TiNotificare_Prefix.pch;
				GCC_PREPROCESSOR_DEFINITIONS = "TI_VERSION=$(TI_VERSION)";
				GCC_TREAT_WARNINGS_AS_ERRORS = NO;
				GCC_VERSION = "";
				GCC_WARN_ABOUT_RETURN_TYPE = NO;
				GCC_WARN_MISSING_PARENTHESES = NO;
				GCC_WARN_SHADOW = NO;
				GCC_WARN_STRICT_SELECTOR_MATCH = NO;
				GCC_WARN_UNUSED_FUNCTION = YES;
				GCC_WARN_UNUSED_PARAMETER = NO;
				GCC_WARN_UNUSED_VALUE = NO;
				GCC_WARN_UNUSED_VARIABLE = NO;
				INSTALL_PATH = /usr/local/lib;
				IPHONEOS_DEPLOYMENT_TARGET = 6.0;
				OTHER_CFLAGS = "-DTI_POST_1_2";
				OTHER_LDFLAGS = "-ObjC";
				PRODUCT_NAME = TiNotificare;
				RUN_CLANG_STATIC_ANALYZER = NO;
				SDKROOT = iphoneos;
				USER_HEADER_SEARCH_PATHS = "";
			};
			name = Release;
		};
		24416B8211C4CA220047AFDD /* Debug */ = {
			isa = XCBuildConfiguration;
			baseConfigurationReference = 24DD6D1B1134B66800162E58 /* titanium.xcconfig */;
			buildSettings = {
				COPY_PHASE_STRIP = NO;
				GCC_DYNAMIC_NO_PIC = NO;
				GCC_OPTIMIZATION_LEVEL = 0;
				PRODUCT_NAME = "Build & test";
			};
			name = Debug;
		};
		24416B8311C4CA220047AFDD /* Release */ = {
			isa = XCBuildConfiguration;
			baseConfigurationReference = 24DD6D1B1134B66800162E58 /* titanium.xcconfig */;
			buildSettings = {
				COPY_PHASE_STRIP = YES;
				DEBUG_INFORMATION_FORMAT = "dwarf-with-dsym";
				GCC_ENABLE_FIX_AND_CONTINUE = NO;
				PRODUCT_NAME = "Build & test";
				ZERO_LINK = NO;
			};
			name = Release;
		};
/* End XCBuildConfiguration section */

/* Begin XCConfigurationList section */
		1DEB921E08733DC00010E9CD /* Build configuration list for PBXNativeTarget "notificare-titanium-ios" */ = {
			isa = XCConfigurationList;
			buildConfigurations = (
				1DEB921F08733DC00010E9CD /* Debug */,
				1DEB922008733DC00010E9CD /* Release */,
			);
			defaultConfigurationIsVisible = 0;
			defaultConfigurationName = Release;
		};
		1DEB922208733DC00010E9CD /* Build configuration list for PBXProject "notificare-titanium-ios" */ = {
			isa = XCConfigurationList;
			buildConfigurations = (
				1DEB922308733DC00010E9CD /* Debug */,
				1DEB922408733DC00010E9CD /* Release */,
			);
			defaultConfigurationIsVisible = 0;
			defaultConfigurationName = Release;
		};
		24416B8A11C4CA520047AFDD /* Build configuration list for PBXAggregateTarget "Build & Test" */ = {
			isa = XCConfigurationList;
			buildConfigurations = (
				24416B8211C4CA220047AFDD /* Debug */,
				24416B8311C4CA220047AFDD /* Release */,
			);
			defaultConfigurationIsVisible = 0;
			defaultConfigurationName = Release;
		};
/* End XCConfigurationList section */
	};
	rootObject = 0867D690FE84028FC02AAC07 /* Project object */;
}
